// !$*UTF8*$!
{
	archiveVersion = 1;
	classes = {
	};
	objectVersion = 55;
	objects = {

/* Begin PBXBuildFile section */
		694A5EBE27F1AB1700B71BA4 /* AppDelegate.swift in Sources */ = {isa = PBXBuildFile; fileRef = 694A5EBD27F1AB1700B71BA4 /* AppDelegate.swift */; };
		694A5EC027F1AB1700B71BA4 /* SceneDelegate.swift in Sources */ = {isa = PBXBuildFile; fileRef = 694A5EBF27F1AB1700B71BA4 /* SceneDelegate.swift */; };
		694A5EC227F1AB1700B71BA4 /* ViewController.swift in Sources */ = {isa = PBXBuildFile; fileRef = 694A5EC127F1AB1700B71BA4 /* ViewController.swift */; };
		694A5EC527F1AB1700B71BA4 /* Main.storyboard in Resources */ = {isa = PBXBuildFile; fileRef = 694A5EC327F1AB1700B71BA4 /* Main.storyboard */; };
		694A5EC727F1AB1900B71BA4 /* Assets.xcassets in Resources */ = {isa = PBXBuildFile; fileRef = 694A5EC627F1AB1900B71BA4 /* Assets.xcassets */; };
		694A5ECA27F1AB1900B71BA4 /* LaunchScreen.storyboard in Resources */ = {isa = PBXBuildFile; fileRef = 694A5EC827F1AB1900B71BA4 /* LaunchScreen.storyboard */; };
		694A5ED527F1AB1900B71BA4 /* DesignPatternsTests.swift in Sources */ = {isa = PBXBuildFile; fileRef = 694A5ED427F1AB1900B71BA4 /* DesignPatternsTests.swift */; };
		694A5EDF27F1AB1900B71BA4 /* DesignPatternsUITests.swift in Sources */ = {isa = PBXBuildFile; fileRef = 694A5EDE27F1AB1900B71BA4 /* DesignPatternsUITests.swift */; };
		694A5EE127F1AB1900B71BA4 /* DesignPatternsUITestsLaunchTests.swift in Sources */ = {isa = PBXBuildFile; fileRef = 694A5EE027F1AB1900B71BA4 /* DesignPatternsUITestsLaunchTests.swift */; };
/* End PBXBuildFile section */

/* Begin PBXContainerItemProxy section */
		694A5ED127F1AB1900B71BA4 /* PBXContainerItemProxy */ = {
			isa = PBXContainerItemProxy;
			containerPortal = 694A5EB227F1AB1700B71BA4 /* Project object */;
			proxyType = 1;
			remoteGlobalIDString = 694A5EB927F1AB1700B71BA4;
			remoteInfo = DesignPatterns;
		};
		694A5EDB27F1AB1900B71BA4 /* PBXContainerItemProxy */ = {
			isa = PBXContainerItemProxy;
			containerPortal = 694A5EB227F1AB1700B71BA4 /* Project object */;
			proxyType = 1;
			remoteGlobalIDString = 694A5EB927F1AB1700B71BA4;
			remoteInfo = DesignPatterns;
		};
/* End PBXContainerItemProxy section */

/* Begin PBXFileReference section */
		694A5EBA27F1AB1700B71BA4 /* DesignPatterns.app */ = {isa = PBXFileReference; explicitFileType = wrapper.application; includeInIndex = 0; path = DesignPatterns.app; sourceTree = BUILT_PRODUCTS_DIR; };
		694A5EBD27F1AB1700B71BA4 /* AppDelegate.swift */ = {isa = PBXFileReference; lastKnownFileType = sourcecode.swift; path = AppDelegate.swift; sourceTree = "<group>"; };
		694A5EBF27F1AB1700B71BA4 /* SceneDelegate.swift */ = {isa = PBXFileReference; lastKnownFileType = sourcecode.swift; path = SceneDelegate.swift; sourceTree = "<group>"; };
		694A5EC127F1AB1700B71BA4 /* ViewController.swift */ = {isa = PBXFileReference; lastKnownFileType = sourcecode.swift; path = ViewController.swift; sourceTree = "<group>"; };
		694A5EC427F1AB1700B71BA4 /* Base */ = {isa = PBXFileReference; lastKnownFileType = file.storyboard; name = Base; path = Base.lproj/Main.storyboard; sourceTree = "<group>"; };
		694A5EC627F1AB1900B71BA4 /* Assets.xcassets */ = {isa = PBXFileReference; lastKnownFileType = folder.assetcatalog; path = Assets.xcassets; sourceTree = "<group>"; };
		694A5EC927F1AB1900B71BA4 /* Base */ = {isa = PBXFileReference; lastKnownFileType = file.storyboard; name = Base; path = Base.lproj/LaunchScreen.storyboard; sourceTree = "<group>"; };
		694A5ECB27F1AB1900B71BA4 /* Info.plist */ = {isa = PBXFileReference; lastKnownFileType = text.plist.xml; path = Info.plist; sourceTree = "<group>"; };
		694A5ED027F1AB1900B71BA4 /* DesignPatternsTests.xctest */ = {isa = PBXFileReference; explicitFileType = wrapper.cfbundle; includeInIndex = 0; path = DesignPatternsTests.xctest; sourceTree = BUILT_PRODUCTS_DIR; };
		694A5ED427F1AB1900B71BA4 /* DesignPatternsTests.swift */ = {isa = PBXFileReference; lastKnownFileType = sourcecode.swift; path = DesignPatternsTests.swift; sourceTree = "<group>"; };
		694A5EDA27F1AB1900B71BA4 /* DesignPatternsUITests.xctest */ = {isa = PBXFileReference; explicitFileType = wrapper.cfbundle; includeInIndex = 0; path = DesignPatternsUITests.xctest; sourceTree = BUILT_PRODUCTS_DIR; };
		694A5EDE27F1AB1900B71BA4 /* DesignPatternsUITests.swift */ = {isa = PBXFileReference; lastKnownFileType = sourcecode.swift; path = DesignPatternsUITests.swift; sourceTree = "<group>"; };
		694A5EE027F1AB1900B71BA4 /* DesignPatternsUITestsLaunchTests.swift */ = {isa = PBXFileReference; lastKnownFileType = sourcecode.swift; path = DesignPatternsUITestsLaunchTests.swift; sourceTree = "<group>"; };
/* End PBXFileReference section */

/* Begin PBXFrameworksBuildPhase section */
		694A5EB727F1AB1700B71BA4 /* Frameworks */ = {
			isa = PBXFrameworksBuildPhase;
			buildActionMask = 2147483647;
			files = (
			);
			runOnlyForDeploymentPostprocessing = 0;
		};
		694A5ECD27F1AB1900B71BA4 /* Frameworks */ = {
			isa = PBXFrameworksBuildPhase;
			buildActionMask = 2147483647;
			files = (
			);
			runOnlyForDeploymentPostprocessing = 0;
		};
		694A5ED727F1AB1900B71BA4 /* Frameworks */ = {
			isa = PBXFrameworksBuildPhase;
			buildActionMask = 2147483647;
			files = (
			);
			runOnlyForDeploymentPostprocessing = 0;
		};
/* End PBXFrameworksBuildPhase section */

/* Begin PBXGroup section */
		694A5EB127F1AB1700B71BA4 = {
			isa = PBXGroup;
			children = (
				694A5EBC27F1AB1700B71BA4 /* DesignPatterns */,
				694A5ED327F1AB1900B71BA4 /* DesignPatternsTests */,
				694A5EDD27F1AB1900B71BA4 /* DesignPatternsUITests */,
				694A5EBB27F1AB1700B71BA4 /* Products */,
			);
			sourceTree = "<group>";
		};
		694A5EBB27F1AB1700B71BA4 /* Products */ = {
			isa = PBXGroup;
			children = (
				694A5EBA27F1AB1700B71BA4 /* DesignPatterns.app */,
				694A5ED027F1AB1900B71BA4 /* DesignPatternsTests.xctest */,
				694A5EDA27F1AB1900B71BA4 /* DesignPatternsUITests.xctest */,
			);
			name = Products;
			sourceTree = "<group>";
		};
		694A5EBC27F1AB1700B71BA4 /* DesignPatterns */ = {
			isa = PBXGroup;
			children = (
				694A5EBD27F1AB1700B71BA4 /* AppDelegate.swift */,
				694A5EBF27F1AB1700B71BA4 /* SceneDelegate.swift */,
				694A5EC127F1AB1700B71BA4 /* ViewController.swift */,
				694A5EC327F1AB1700B71BA4 /* Main.storyboard */,
				694A5EC627F1AB1900B71BA4 /* Assets.xcassets */,
				694A5EC827F1AB1900B71BA4 /* LaunchScreen.storyboard */,
				694A5ECB27F1AB1900B71BA4 /* Info.plist */,
			);
			path = DesignPatterns;
			sourceTree = "<group>";
		};
		694A5ED327F1AB1900B71BA4 /* DesignPatternsTests */ = {
			isa = PBXGroup;
			children = (
				694A5ED427F1AB1900B71BA4 /* DesignPatternsTests.swift */,
			);
			path = DesignPatternsTests;
			sourceTree = "<group>";
		};
		694A5EDD27F1AB1900B71BA4 /* DesignPatternsUITests */ = {
			isa = PBXGroup;
			children = (
				694A5EDE27F1AB1900B71BA4 /* DesignPatternsUITests.swift */,
				694A5EE027F1AB1900B71BA4 /* DesignPatternsUITestsLaunchTests.swift */,
			);
			path = DesignPatternsUITests;
			sourceTree = "<group>";
		};
/* End PBXGroup section */

/* Begin PBXNativeTarget section */
		694A5EB927F1AB1700B71BA4 /* DesignPatterns */ = {
			isa = PBXNativeTarget;
			buildConfigurationList = 694A5EE427F1AB1900B71BA4 /* Build configuration list for PBXNativeTarget "DesignPatterns" */;
			buildPhases = (
				694A5EB627F1AB1700B71BA4 /* Sources */,
				694A5EB727F1AB1700B71BA4 /* Frameworks */,
				694A5EB827F1AB1700B71BA4 /* Resources */,
			);
			buildRules = (
			);
			dependencies = (
			);
			name = DesignPatterns;
			productName = DesignPatterns;
			productReference = 694A5EBA27F1AB1700B71BA4 /* DesignPatterns.app */;
			productType = "com.apple.product-type.application";
		};
		694A5ECF27F1AB1900B71BA4 /* DesignPatternsTests */ = {
			isa = PBXNativeTarget;
			buildConfigurationList = 694A5EE727F1AB1900B71BA4 /* Build configuration list for PBXNativeTarget "DesignPatternsTests" */;
			buildPhases = (
				694A5ECC27F1AB1900B71BA4 /* Sources */,
				694A5ECD27F1AB1900B71BA4 /* Frameworks */,
				694A5ECE27F1AB1900B71BA4 /* Resources */,
			);
			buildRules = (
			);
			dependencies = (
				694A5ED227F1AB1900B71BA4 /* PBXTargetDependency */,
			);
			name = DesignPatternsTests;
			productName = DesignPatternsTests;
			productReference = 694A5ED027F1AB1900B71BA4 /* DesignPatternsTests.xctest */;
			productType = "com.apple.product-type.bundle.unit-test";
		};
		694A5ED927F1AB1900B71BA4 /* DesignPatternsUITests */ = {
			isa = PBXNativeTarget;
			buildConfigurationList = 694A5EEA27F1AB1900B71BA4 /* Build configuration list for PBXNativeTarget "DesignPatternsUITests" */;
			buildPhases = (
				694A5ED627F1AB1900B71BA4 /* Sources */,
				694A5ED727F1AB1900B71BA4 /* Frameworks */,
				694A5ED827F1AB1900B71BA4 /* Resources */,
			);
			buildRules = (
			);
			dependencies = (
				694A5EDC27F1AB1900B71BA4 /* PBXTargetDependency */,
			);
			name = DesignPatternsUITests;
			productName = DesignPatternsUITests;
			productReference = 694A5EDA27F1AB1900B71BA4 /* DesignPatternsUITests.xctest */;
			productType = "com.apple.product-type.bundle.ui-testing";
		};
/* End PBXNativeTarget section */

/* Begin PBXProject section */
		694A5EB227F1AB1700B71BA4 /* Project object */ = {
			isa = PBXProject;
			attributes = {
				BuildIndependentTargetsInParallel = 1;
				LastSwiftUpdateCheck = 1330;
				LastUpgradeCheck = 1330;
				TargetAttributes = {
					694A5EB927F1AB1700B71BA4 = {
						CreatedOnToolsVersion = 13.3;
					};
					694A5ECF27F1AB1900B71BA4 = {
						CreatedOnToolsVersion = 13.3;
						TestTargetID = 694A5EB927F1AB1700B71BA4;
					};
					694A5ED927F1AB1900B71BA4 = {
						CreatedOnToolsVersion = 13.3;
						TestTargetID = 694A5EB927F1AB1700B71BA4;
					};
				};
			};
			buildConfigurationList = 694A5EB527F1AB1700B71BA4 /* Build configuration list for PBXProject "DesignPatterns" */;
			compatibilityVersion = "Xcode 13.0";
			developmentRegion = en;
			hasScannedForEncodings = 0;
			knownRegions = (
				en,
				Base,
			);
			mainGroup = 694A5EB127F1AB1700B71BA4;
			productRefGroup = 694A5EBB27F1AB1700B71BA4 /* Products */;
			projectDirPath = "";
			projectRoot = "";
			targets = (
				694A5EB927F1AB1700B71BA4 /* DesignPatterns */,
				694A5ECF27F1AB1900B71BA4 /* DesignPatternsTests */,
				694A5ED927F1AB1900B71BA4 /* DesignPatternsUITests */,
			);
		};
/* End PBXProject section */

/* Begin PBXResourcesBuildPhase section */
		694A5EB827F1AB1700B71BA4 /* Resources */ = {
			isa = PBXResourcesBuildPhase;
			buildActionMask = 2147483647;
			files = (
				694A5ECA27F1AB1900B71BA4 /* LaunchScreen.storyboard in Resources */,
				694A5EC727F1AB1900B71BA4 /* Assets.xcassets in Resources */,
				694A5EC527F1AB1700B71BA4 /* Main.storyboard in Resources */,
			);
			runOnlyForDeploymentPostprocessing = 0;
		};
		694A5ECE27F1AB1900B71BA4 /* Resources */ = {
			isa = PBXResourcesBuildPhase;
			buildActionMask = 2147483647;
			files = (
			);
			runOnlyForDeploymentPostprocessing = 0;
		};
		694A5ED827F1AB1900B71BA4 /* Resources */ = {
			isa = PBXResourcesBuildPhase;
			buildActionMask = 2147483647;
			files = (
			);
			runOnlyForDeploymentPostprocessing = 0;
		};
/* End PBXResourcesBuildPhase section */

/* Begin PBXSourcesBuildPhase section */
		694A5EB627F1AB1700B71BA4 /* Sources */ = {
			isa = PBXSourcesBuildPhase;
			buildActionMask = 2147483647;
			files = (
				694A5EC227F1AB1700B71BA4 /* ViewController.swift in Sources */,
				694A5EBE27F1AB1700B71BA4 /* AppDelegate.swift in Sources */,
				694A5EC027F1AB1700B71BA4 /* SceneDelegate.swift in Sources */,
			);
			runOnlyForDeploymentPostprocessing = 0;
		};
		694A5ECC27F1AB1900B71BA4 /* Sources */ = {
			isa = PBXSourcesBuildPhase;
			buildActionMask = 2147483647;
			files = (
				694A5ED527F1AB1900B71BA4 /* DesignPatternsTests.swift in Sources */,
			);
			runOnlyForDeploymentPostprocessing = 0;
		};
		694A5ED627F1AB1900B71BA4 /* Sources */ = {
			isa = PBXSourcesBuildPhase;
			buildActionMask = 2147483647;
			files = (
				694A5EDF27F1AB1900B71BA4 /* DesignPatternsUITests.swift in Sources */,
				694A5EE127F1AB1900B71BA4 /* DesignPatternsUITestsLaunchTests.swift in Sources */,
			);
			runOnlyForDeploymentPostprocessing = 0;
		};
/* End PBXSourcesBuildPhase section */

/* Begin PBXTargetDependency section */
		694A5ED227F1AB1900B71BA4 /* PBXTargetDependency */ = {
			isa = PBXTargetDependency;
			target = 694A5EB927F1AB1700B71BA4 /* DesignPatterns */;
			targetProxy = 694A5ED127F1AB1900B71BA4 /* PBXContainerItemProxy */;
		};
		694A5EDC27F1AB1900B71BA4 /* PBXTargetDependency */ = {
			isa = PBXTargetDependency;
			target = 694A5EB927F1AB1700B71BA4 /* DesignPatterns */;
			targetProxy = 694A5EDB27F1AB1900B71BA4 /* PBXContainerItemProxy */;
		};
/* End PBXTargetDependency section */

/* Begin PBXVariantGroup section */
		694A5EC327F1AB1700B71BA4 /* Main.storyboard */ = {
			isa = PBXVariantGroup;
			children = (
				694A5EC427F1AB1700B71BA4 /* Base */,
			);
			name = Main.storyboard;
			sourceTree = "<group>";
		};
		694A5EC827F1AB1900B71BA4 /* LaunchScreen.storyboard */ = {
			isa = PBXVariantGroup;
			children = (
				694A5EC927F1AB1900B71BA4 /* Base */,
			);
			name = LaunchScreen.storyboard;
			sourceTree = "<group>";
		};
/* End PBXVariantGroup section */

/* Begin XCBuildConfiguration section */
		694A5EE227F1AB1900B71BA4 /* Debug */ = {
			isa = XCBuildConfiguration;
			buildSettings = {
				ALWAYS_SEARCH_USER_PATHS = NO;
				CLANG_ANALYZER_NONNULL = YES;
				CLANG_ANALYZER_NUMBER_OBJECT_CONVERSION = YES_AGGRESSIVE;
				CLANG_CXX_LANGUAGE_STANDARD = "gnu++17";
				CLANG_ENABLE_MODULES = YES;
				CLANG_ENABLE_OBJC_ARC = YES;
				CLANG_ENABLE_OBJC_WEAK = YES;
				CLANG_WARN_BLOCK_CAPTURE_AUTORELEASING = YES;
				CLANG_WARN_BOOL_CONVERSION = YES;
				CLANG_WARN_COMMA = YES;
				CLANG_WARN_CONSTANT_CONVERSION = YES;
				CLANG_WARN_DEPRECATED_OBJC_IMPLEMENTATIONS = YES;
				CLANG_WARN_DIRECT_OBJC_ISA_USAGE = YES_ERROR;
				CLANG_WARN_DOCUMENTATION_COMMENTS = YES;
				CLANG_WARN_EMPTY_BODY = YES;
				CLANG_WARN_ENUM_CONVERSION = YES;
				CLANG_WARN_INFINITE_RECURSION = YES;
				CLANG_WARN_INT_CONVERSION = YES;
				CLANG_WARN_NON_LITERAL_NULL_CONVERSION = YES;
				CLANG_WARN_OBJC_IMPLICIT_RETAIN_SELF = YES;
				CLANG_WARN_OBJC_LITERAL_CONVERSION = YES;
				CLANG_WARN_OBJC_ROOT_CLASS = YES_ERROR;
				CLANG_WARN_QUOTED_INCLUDE_IN_FRAMEWORK_HEADER = YES;
				CLANG_WARN_RANGE_LOOP_ANALYSIS = YES;
				CLANG_WARN_STRICT_PROTOTYPES = YES;
				CLANG_WARN_SUSPICIOUS_MOVE = YES;
				CLANG_WARN_UNGUARDED_AVAILABILITY = YES_AGGRESSIVE;
				CLANG_WARN_UNREACHABLE_CODE = YES;
				CLANG_WARN__DUPLICATE_METHOD_MATCH = YES;
				COPY_PHASE_STRIP = NO;
				DEBUG_INFORMATION_FORMAT = dwarf;
				ENABLE_STRICT_OBJC_MSGSEND = YES;
				ENABLE_TESTABILITY = YES;
				GCC_C_LANGUAGE_STANDARD = gnu11;
				GCC_DYNAMIC_NO_PIC = NO;
				GCC_NO_COMMON_BLOCKS = YES;
				GCC_OPTIMIZATION_LEVEL = 0;
				GCC_PREPROCESSOR_DEFINITIONS = (
					"DEBUG=1",
					"$(inherited)",
				);
				GCC_WARN_64_TO_32_BIT_CONVERSION = YES;
				GCC_WARN_ABOUT_RETURN_TYPE = YES_ERROR;
				GCC_WARN_UNDECLARED_SELECTOR = YES;
				GCC_WARN_UNINITIALIZED_AUTOS = YES_AGGRESSIVE;
				GCC_WARN_UNUSED_FUNCTION = YES;
				GCC_WARN_UNUSED_VARIABLE = YES;
				IPHONEOS_DEPLOYMENT_TARGET = 15.4;
				MTL_ENABLE_DEBUG_INFO = INCLUDE_SOURCE;
				MTL_FAST_MATH = YES;
				ONLY_ACTIVE_ARCH = YES;
				SDKROOT = iphoneos;
				SWIFT_ACTIVE_COMPILATION_CONDITIONS = DEBUG;
				SWIFT_OPTIMIZATION_LEVEL = "-Onone";
			};
			name = Debug;
		};
		694A5EE327F1AB1900B71BA4 /* Release */ = {
			isa = XCBuildConfiguration;
			buildSettings = {
				ALWAYS_SEARCH_USER_PATHS = NO;
				CLANG_ANALYZER_NONNULL = YES;
				CLANG_ANALYZER_NUMBER_OBJECT_CONVERSION = YES_AGGRESSIVE;
				CLANG_CXX_LANGUAGE_STANDARD = "gnu++17";
				CLANG_ENABLE_MODULES = YES;
				CLANG_ENABLE_OBJC_ARC = YES;
				CLANG_ENABLE_OBJC_WEAK = YES;
				CLANG_WARN_BLOCK_CAPTURE_AUTORELEASING = YES;
				CLANG_WARN_BOOL_CONVERSION = YES;
				CLANG_WARN_COMMA = YES;
				CLANG_WARN_CONSTANT_CONVERSION = YES;
				CLANG_WARN_DEPRECATED_OBJC_IMPLEMENTATIONS = YES;
				CLANG_WARN_DIRECT_OBJC_ISA_USAGE = YES_ERROR;
				CLANG_WARN_DOCUMENTATION_COMMENTS = YES;
				CLANG_WARN_EMPTY_BODY = YES;
				CLANG_WARN_ENUM_CONVERSION = YES;
				CLANG_WARN_INFINITE_RECURSION = YES;
				CLANG_WARN_INT_CONVERSION = YES;
				CLANG_WARN_NON_LITERAL_NULL_CONVERSION = YES;
				CLANG_WARN_OBJC_IMPLICIT_RETAIN_SELF = YES;
				CLANG_WARN_OBJC_LITERAL_CONVERSION = YES;
				CLANG_WARN_OBJC_ROOT_CLASS = YES_ERROR;
				CLANG_WARN_QUOTED_INCLUDE_IN_FRAMEWORK_HEADER = YES;
				CLANG_WARN_RANGE_LOOP_ANALYSIS = YES;
				CLANG_WARN_STRICT_PROTOTYPES = YES;
				CLANG_WARN_SUSPICIOUS_MOVE = YES;
				CLANG_WARN_UNGUARDED_AVAILABILITY = YES_AGGRESSIVE;
				CLANG_WARN_UNREACHABLE_CODE = YES;
				CLANG_WARN__DUPLICATE_METHOD_MATCH = YES;
				COPY_PHASE_STRIP = NO;
				DEBUG_INFORMATION_FORMAT = "dwarf-with-dsym";
				ENABLE_NS_ASSERTIONS = NO;
				ENABLE_STRICT_OBJC_MSGSEND = YES;
				GCC_C_LANGUAGE_STANDARD = gnu11;
				GCC_NO_COMMON_BLOCKS = YES;
				GCC_WARN_64_TO_32_BIT_CONVERSION = YES;
				GCC_WARN_ABOUT_RETURN_TYPE = YES_ERROR;
				GCC_WARN_UNDECLARED_SELECTOR = YES;
				GCC_WARN_UNINITIALIZED_AUTOS = YES_AGGRESSIVE;
				GCC_WARN_UNUSED_FUNCTION = YES;
				GCC_WARN_UNUSED_VARIABLE = YES;
				IPHONEOS_DEPLOYMENT_TARGET = 15.4;
				MTL_ENABLE_DEBUG_INFO = NO;
				MTL_FAST_MATH = YES;
				SDKROOT = iphoneos;
				SWIFT_COMPILATION_MODE = wholemodule;
				SWIFT_OPTIMIZATION_LEVEL = "-O";
				VALIDATE_PRODUCT = YES;
			};
			name = Release;
		};
		694A5EE527F1AB1900B71BA4 /* Debug */ = {
			isa = XCBuildConfiguration;
			buildSettings = {
				ASSETCATALOG_COMPILER_APPICON_NAME = AppIcon;
				ASSETCATALOG_COMPILER_GLOBAL_ACCENT_COLOR_NAME = AccentColor;
				CODE_SIGN_STYLE = Automatic;
				CURRENT_PROJECT_VERSION = 1;
				DEVELOPMENT_TEAM = 7DU6PDNRU2;
				GENERATE_INFOPLIST_FILE = YES;
				INFOPLIST_FILE = DesignPatterns/Info.plist;
				INFOPLIST_KEY_UIApplicationSupportsIndirectInputEvents = YES;
				INFOPLIST_KEY_UILaunchStoryboardName = LaunchScreen;
				INFOPLIST_KEY_UIMainStoryboardFile = Main;
				INFOPLIST_KEY_UISupportedInterfaceOrientations_iPad = "UIInterfaceOrientationPortrait UIInterfaceOrientationPortraitUpsideDown UIInterfaceOrientationLandscapeLeft UIInterfaceOrientationLandscapeRight";
				INFOPLIST_KEY_UISupportedInterfaceOrientations_iPhone = "UIInterfaceOrientationPortrait UIInterfaceOrientationLandscapeLeft UIInterfaceOrientationLandscapeRight";
				LD_RUNPATH_SEARCH_PATHS = (
					"$(inherited)",
					"@executable_path/Frameworks",
				);
				MARKETING_VERSION = 1.0;
				PRODUCT_BUNDLE_IDENTIFIER = come.butterfree.DesignPatterns;
				PRODUCT_NAME = "$(TARGET_NAME)";
				SWIFT_EMIT_LOC_STRINGS = YES;
				SWIFT_VERSION = 5.0;
				TARGETED_DEVICE_FAMILY = "1,2";
			};
			name = Debug;
		};
		694A5EE627F1AB1900B71BA4 /* Release */ = {
			isa = XCBuildConfiguration;
			buildSettings = {
				ASSETCATALOG_COMPILER_APPICON_NAME = AppIcon;
				ASSETCATALOG_COMPILER_GLOBAL_ACCENT_COLOR_NAME = AccentColor;
				CODE_SIGN_STYLE = Automatic;
				CURRENT_PROJECT_VERSION = 1;
				DEVELOPMENT_TEAM = 7DU6PDNRU2;
				GENERATE_INFOPLIST_FILE = YES;
				INFOPLIST_FILE = DesignPatterns/Info.plist;
				INFOPLIST_KEY_UIApplicationSupportsIndirectInputEvents = YES;
				INFOPLIST_KEY_UILaunchStoryboardName = LaunchScreen;
				INFOPLIST_KEY_UIMainStoryboardFile = Main;
				INFOPLIST_KEY_UISupportedInterfaceOrientations_iPad = "UIInterfaceOrientationPortrait UIInterfaceOrientationPortraitUpsideDown UIInterfaceOrientationLandscapeLeft UIInterfaceOrientationLandscapeRight";
				INFOPLIST_KEY_UISupportedInterfaceOrientations_iPhone = "UIInterfaceOrientationPortrait UIInterfaceOrientationLandscapeLeft UIInterfaceOrientationLandscapeRight";
				LD_RUNPATH_SEARCH_PATHS = (
					"$(inherited)",
					"@executable_path/Frameworks",
				);
				MARKETING_VERSION = 1.0;
				PRODUCT_BUNDLE_IDENTIFIER = come.butterfree.DesignPatterns;
				PRODUCT_NAME = "$(TARGET_NAME)";
				SWIFT_EMIT_LOC_STRINGS = YES;
				SWIFT_VERSION = 5.0;
				TARGETED_DEVICE_FAMILY = "1,2";
			};
			name = Release;
		};
		694A5EE827F1AB1900B71BA4 /* Debug */ = {
			isa = XCBuildConfiguration;
			buildSettings = {
				ALWAYS_EMBED_SWIFT_STANDARD_LIBRARIES = YES;
				BUNDLE_LOADER = "$(TEST_HOST)";
				CODE_SIGN_STYLE = Automatic;
				CURRENT_PROJECT_VERSION = 1;
				DEVELOPMENT_TEAM = 7DU6PDNRU2;
				GENERATE_INFOPLIST_FILE = YES;
				IPHONEOS_DEPLOYMENT_TARGET = 15.4;
				MARKETING_VERSION = 1.0;
				PRODUCT_BUNDLE_IDENTIFIER = come.butterfree.DesignPatternsTests;
				PRODUCT_NAME = "$(TARGET_NAME)";
				SWIFT_EMIT_LOC_STRINGS = NO;
				SWIFT_VERSION = 5.0;
				TARGETED_DEVICE_FAMILY = "1,2";
				TEST_HOST = "$(BUILT_PRODUCTS_DIR)/DesignPatterns.app/DesignPatterns";
			};
			name = Debug;
		};
		694A5EE927F1AB1900B71BA4 /* Release */ = {
			isa = XCBuildConfiguration;
			buildSettings = {
				ALWAYS_EMBED_SWIFT_STANDARD_LIBRARIES = YES;
				BUNDLE_LOADER = "$(TEST_HOST)";
				CODE_SIGN_STYLE = Automatic;
				CURRENT_PROJECT_VERSION = 1;
				DEVELOPMENT_TEAM = 7DU6PDNRU2;
				GENERATE_INFOPLIST_FILE = YES;
				IPHONEOS_DEPLOYMENT_TARGET = 15.4;
				MARKETING_VERSION = 1.0;
				PRODUCT_BUNDLE_IDENTIFIER = come.butterfree.DesignPatternsTests;
				PRODUCT_NAME = "$(TARGET_NAME)";
				SWIFT_EMIT_LOC_STRINGS = NO;
				SWIFT_VERSION = 5.0;
				TARGETED_DEVICE_FAMILY = "1,2";
				TEST_HOST = "$(BUILT_PRODUCTS_DIR)/DesignPatterns.app/DesignPatterns";
			};
			name = Release;
		};
		694A5EEB27F1AB1900B71BA4 /* Debug */ = {
			isa = XCBuildConfiguration;
			buildSettings = {
				ALWAYS_EMBED_SWIFT_STANDARD_LIBRARIES = YES;
				CODE_SIGN_STYLE = Automatic;
				CURRENT_PROJECT_VERSION = 1;
				DEVELOPMENT_TEAM = 7DU6PDNRU2;
				GENERATE_INFOPLIST_FILE = YES;
				MARKETING_VERSION = 1.0;
				PRODUCT_BUNDLE_IDENTIFIER = come.butterfree.DesignPatternsUITests;
				PRODUCT_NAME = "$(TARGET_NAME)";
				SWIFT_EMIT_LOC_STRINGS = NO;
				SWIFT_VERSION = 5.0;
				TARGETED_DEVICE_FAMILY = "1,2";
				TEST_TARGET_NAME = DesignPatterns;
			};
			name = Debug;
		};
		694A5EEC27F1AB1900B71BA4 /* Release */ = {
			isa = XCBuildConfiguration;
			buildSettings = {
				ALWAYS_EMBED_SWIFT_STANDARD_LIBRARIES = YES;
				CODE_SIGN_STYLE = Automatic;
				CURRENT_PROJECT_VERSION = 1;
				DEVELOPMENT_TEAM = 7DU6PDNRU2;
				GENERATE_INFOPLIST_FILE = YES;
				MARKETING_VERSION = 1.0;
				PRODUCT_BUNDLE_IDENTIFIER = come.butterfree.DesignPatternsUITests;
				PRODUCT_NAME = "$(TARGET_NAME)";
				SWIFT_EMIT_LOC_STRINGS = NO;
				SWIFT_VERSION = 5.0;
				TARGETED_DEVICE_FAMILY = "1,2";
				TEST_TARGET_NAME = DesignPatterns;
			};
			name = Release;
		};
/* End XCBuildConfiguration section */

/* Begin XCConfigurationList section */
		694A5EB527F1AB1700B71BA4 /* Build configuration list for PBXProject "DesignPatterns" */ = {
			isa = XCConfigurationList;
			buildConfigurations = (
				694A5EE227F1AB1900B71BA4 /* Debug */,
				694A5EE327F1AB1900B71BA4 /* Release */,
			);
			defaultConfigurationIsVisible = 0;
			defaultConfigurationName = Release;
		};
		694A5EE427F1AB1900B71BA4 /* Build configuration list for PBXNativeTarget "DesignPatterns" */ = {
			isa = XCConfigurationList;
			buildConfigurations = (
				694A5EE527F1AB1900B71BA4 /* Debug */,
				694A5EE627F1AB1900B71BA4 /* Release */,
			);
			defaultConfigurationIsVisible = 0;
			defaultConfigurationName = Release;
		};
		694A5EE727F1AB1900B71BA4 /* Build configuration list for PBXNativeTarget "DesignPatternsTests" */ = {
			isa = XCConfigurationList;
			buildConfigurations = (
				694A5EE827F1AB1900B71BA4 /* Debug */,
				694A5EE927F1AB1900B71BA4 /* Release */,
			);
			defaultConfigurationIsVisible = 0;
			defaultConfigurationName = Release;
		};
		694A5EEA27F1AB1900B71BA4 /* Build configuration list for PBXNativeTarget "DesignPatternsUITests" */ = {
			isa = XCConfigurationList;
			buildConfigurations = (
				694A5EEB27F1AB1900B71BA4 /* Debug */,
				694A5EEC27F1AB1900B71BA4 /* Release */,
			);
			defaultConfigurationIsVisible = 0;
			defaultConfigurationName = Release;
		};
/* End XCConfigurationList section */
	};
	rootObject = 694A5EB227F1AB1700B71BA4 /* Project object */;
}
