// !$*UTF8*$!
{
	archiveVersion = 1;
	classes = {
	};
	objectVersion = 55;
	objects = {

/* Begin PBXBuildFile section */
		691A3082280EF63E0099E1B3 /* UIDevice+Extension.swift in Sources */ = {isa = PBXBuildFile; fileRef = 691A3081280EF63E0099E1B3 /* UIDevice+Extension.swift */; };
		691A3085280EF6690099E1B3 /* UIApplication+Extension.swift in Sources */ = {isa = PBXBuildFile; fileRef = 691A3084280EF6690099E1B3 /* UIApplication+Extension.swift */; };
		691A3087280EF92A0099E1B3 /* SearchListView.swift in Sources */ = {isa = PBXBuildFile; fileRef = 691A3086280EF92A0099E1B3 /* SearchListView.swift */; };
		6938FF2B280FE2DB006DD6DB /* GoogleService-Info.plist in Resources */ = {isa = PBXBuildFile; fileRef = 6938FF2A280FE2DB006DD6DB /* GoogleService-Info.plist */; };
		6938FF2F280FE3E4006DD6DB /* SearchBar.swift in Sources */ = {isa = PBXBuildFile; fileRef = 6938FF2E280FE3E4006DD6DB /* SearchBar.swift */; };
		6938FF31280FECD7006DD6DB /* SearchItemView.swift in Sources */ = {isa = PBXBuildFile; fileRef = 6938FF30280FECD7006DD6DB /* SearchItemView.swift */; };
		6938FF3428100CD6006DD6DB /* StarButton.swift in Sources */ = {isa = PBXBuildFile; fileRef = 6938FF3328100CD6006DD6DB /* StarButton.swift */; };
		6938FF3828111673006DD6DB /* ApiService.swift in Sources */ = {isa = PBXBuildFile; fileRef = 6938FF3728111673006DD6DB /* ApiService.swift */; };
		6938FF3A28111680006DD6DB /* ApiManager.swift in Sources */ = {isa = PBXBuildFile; fileRef = 6938FF3928111680006DD6DB /* ApiManager.swift */; };
		6938FF3D281118E2006DD6DB /* EndPoint.swift in Sources */ = {isa = PBXBuildFile; fileRef = 6938FF3C281118E2006DD6DB /* EndPoint.swift */; };
		6938FF40281120F6006DD6DB /* Base.swift in Sources */ = {isa = PBXBuildFile; fileRef = 6938FF3F281120F6006DD6DB /* Base.swift */; };
		6938FF432811260D006DD6DB /* SearchRepository.swift in Sources */ = {isa = PBXBuildFile; fileRef = 6938FF422811260D006DD6DB /* SearchRepository.swift */; };
		6938FF4528112676006DD6DB /* SearchItem.swift in Sources */ = {isa = PBXBuildFile; fileRef = 6938FF4428112676006DD6DB /* SearchItem.swift */; };
		6938FF4828112B93006DD6DB /* SearchDataRepository.swift in Sources */ = {isa = PBXBuildFile; fileRef = 6938FF4728112B93006DD6DB /* SearchDataRepository.swift */; };
		6950EAD627D7A61B00894E87 /* TCAApp.swift in Sources */ = {isa = PBXBuildFile; fileRef = 6950EAD527D7A61B00894E87 /* TCAApp.swift */; };
		6950EAD827D7A61B00894E87 /* MainView.swift in Sources */ = {isa = PBXBuildFile; fileRef = 6950EAD727D7A61B00894E87 /* MainView.swift */; };
		6950EADA27D7A61D00894E87 /* Assets.xcassets in Resources */ = {isa = PBXBuildFile; fileRef = 6950EAD927D7A61D00894E87 /* Assets.xcassets */; };
		6950EADD27D7A61D00894E87 /* Preview Assets.xcassets in Resources */ = {isa = PBXBuildFile; fileRef = 6950EADC27D7A61D00894E87 /* Preview Assets.xcassets */; };
		6950EAE827D7A61D00894E87 /* TCATests.swift in Sources */ = {isa = PBXBuildFile; fileRef = 6950EAE727D7A61D00894E87 /* TCATests.swift */; };
		6950EAF227D7A61D00894E87 /* TCAUITests.swift in Sources */ = {isa = PBXBuildFile; fileRef = 6950EAF127D7A61D00894E87 /* TCAUITests.swift */; };
		6950EAF427D7A61D00894E87 /* TCAUITestsLaunchTests.swift in Sources */ = {isa = PBXBuildFile; fileRef = 6950EAF327D7A61D00894E87 /* TCAUITestsLaunchTests.swift */; };
		6950EB0227D7A6BA00894E87 /* ComposableArchitecture in Frameworks */ = {isa = PBXBuildFile; productRef = 6950EB0127D7A6BA00894E87 /* ComposableArchitecture */; };
		69BE75B6281516DC00DBA4DF /* SearchListStore.swift in Sources */ = {isa = PBXBuildFile; fileRef = 69BE75B5281516DC00DBA4DF /* SearchListStore.swift */; };
		69BE75B828151E5000DBA4DF /* String+Extension.swift in Sources */ = {isa = PBXBuildFile; fileRef = 69BE75B728151E5000DBA4DF /* String+Extension.swift */; };
		69BE75BA28158DA200DBA4DF /* Date+Extension.swift in Sources */ = {isa = PBXBuildFile; fileRef = 69BE75B928158DA200DBA4DF /* Date+Extension.swift */; };
		69BE75BE28158E1E00DBA4DF /* SearchUseCase.swift in Sources */ = {isa = PBXBuildFile; fileRef = 69BE75BD28158E1E00DBA4DF /* SearchUseCase.swift */; };
		69BE75C028158EBD00DBA4DF /* SearchDefaultUseCase.swift in Sources */ = {isa = PBXBuildFile; fileRef = 69BE75BF28158EBD00DBA4DF /* SearchDefaultUseCase.swift */; };
		69DC6E7F28081DA5006A5050 /* FirebaseAuth in Frameworks */ = {isa = PBXBuildFile; productRef = 69DC6E7E28081DA5006A5050 /* FirebaseAuth */; };
		69DC6E8128081DA5006A5050 /* FirebaseAuthCombine-Community in Frameworks */ = {isa = PBXBuildFile; productRef = 69DC6E8028081DA5006A5050 /* FirebaseAuthCombine-Community */; };
		69DC6E8328081E8D006A5050 /* Launch Screen.storyboard in Resources */ = {isa = PBXBuildFile; fileRef = 69DC6E8228081E8D006A5050 /* Launch Screen.storyboard */; };
		69F2A0B828168CF70053CD83 /* SafariServiceView.swift in Sources */ = {isa = PBXBuildFile; fileRef = 69F2A0B728168CF70053CD83 /* SafariServiceView.swift */; };
/* End PBXBuildFile section */

/* Begin PBXContainerItemProxy section */
		6950EAE427D7A61D00894E87 /* PBXContainerItemProxy */ = {
			isa = PBXContainerItemProxy;
			containerPortal = 6950EACA27D7A61B00894E87 /* Project object */;
			proxyType = 1;
			remoteGlobalIDString = 6950EAD127D7A61B00894E87;
			remoteInfo = TCA;
		};
		6950EAEE27D7A61D00894E87 /* PBXContainerItemProxy */ = {
			isa = PBXContainerItemProxy;
			containerPortal = 6950EACA27D7A61B00894E87 /* Project object */;
			proxyType = 1;
			remoteGlobalIDString = 6950EAD127D7A61B00894E87;
			remoteInfo = TCA;
		};
/* End PBXContainerItemProxy section */

/* Begin PBXFileReference section */
		691A3081280EF63E0099E1B3 /* UIDevice+Extension.swift */ = {isa = PBXFileReference; lastKnownFileType = sourcecode.swift; path = "UIDevice+Extension.swift"; sourceTree = "<group>"; };
		691A3084280EF6690099E1B3 /* UIApplication+Extension.swift */ = {isa = PBXFileReference; lastKnownFileType = sourcecode.swift; path = "UIApplication+Extension.swift"; sourceTree = "<group>"; };
		691A3086280EF92A0099E1B3 /* SearchListView.swift */ = {isa = PBXFileReference; lastKnownFileType = sourcecode.swift; path = SearchListView.swift; sourceTree = "<group>"; };
		6938FF2A280FE2DB006DD6DB /* GoogleService-Info.plist */ = {isa = PBXFileReference; fileEncoding = 4; lastKnownFileType = text.plist.xml; name = "GoogleService-Info.plist"; path = "../../../../Downloads/GoogleService-Info.plist"; sourceTree = "<group>"; };
		6938FF2E280FE3E4006DD6DB /* SearchBar.swift */ = {isa = PBXFileReference; lastKnownFileType = sourcecode.swift; path = SearchBar.swift; sourceTree = "<group>"; };
		6938FF30280FECD7006DD6DB /* SearchItemView.swift */ = {isa = PBXFileReference; lastKnownFileType = sourcecode.swift; path = SearchItemView.swift; sourceTree = "<group>"; };
		6938FF3328100CD6006DD6DB /* StarButton.swift */ = {isa = PBXFileReference; lastKnownFileType = sourcecode.swift; path = StarButton.swift; sourceTree = "<group>"; };
		6938FF3728111673006DD6DB /* ApiService.swift */ = {isa = PBXFileReference; lastKnownFileType = sourcecode.swift; path = ApiService.swift; sourceTree = "<group>"; };
		6938FF3928111680006DD6DB /* ApiManager.swift */ = {isa = PBXFileReference; lastKnownFileType = sourcecode.swift; path = ApiManager.swift; sourceTree = "<group>"; };
		6938FF3C281118E2006DD6DB /* EndPoint.swift */ = {isa = PBXFileReference; lastKnownFileType = sourcecode.swift; path = EndPoint.swift; sourceTree = "<group>"; };
		6938FF3F281120F6006DD6DB /* Base.swift */ = {isa = PBXFileReference; lastKnownFileType = sourcecode.swift; path = Base.swift; sourceTree = "<group>"; };
		6938FF422811260D006DD6DB /* SearchRepository.swift */ = {isa = PBXFileReference; lastKnownFileType = sourcecode.swift; path = SearchRepository.swift; sourceTree = "<group>"; };
		6938FF4428112676006DD6DB /* SearchItem.swift */ = {isa = PBXFileReference; lastKnownFileType = sourcecode.swift; path = SearchItem.swift; sourceTree = "<group>"; };
		6938FF4728112B93006DD6DB /* SearchDataRepository.swift */ = {isa = PBXFileReference; lastKnownFileType = sourcecode.swift; path = SearchDataRepository.swift; sourceTree = "<group>"; };
		6950EAD227D7A61B00894E87 /* TCA.app */ = {isa = PBXFileReference; explicitFileType = wrapper.application; includeInIndex = 0; path = TCA.app; sourceTree = BUILT_PRODUCTS_DIR; };
		6950EAD527D7A61B00894E87 /* TCAApp.swift */ = {isa = PBXFileReference; lastKnownFileType = sourcecode.swift; path = TCAApp.swift; sourceTree = "<group>"; };
		6950EAD727D7A61B00894E87 /* MainView.swift */ = {isa = PBXFileReference; lastKnownFileType = sourcecode.swift; path = MainView.swift; sourceTree = "<group>"; };
		6950EAD927D7A61D00894E87 /* Assets.xcassets */ = {isa = PBXFileReference; lastKnownFileType = folder.assetcatalog; path = Assets.xcassets; sourceTree = "<group>"; };
		6950EADC27D7A61D00894E87 /* Preview Assets.xcassets */ = {isa = PBXFileReference; lastKnownFileType = folder.assetcatalog; path = "Preview Assets.xcassets"; sourceTree = "<group>"; };
		6950EADE27D7A61D00894E87 /* TCA.entitlements */ = {isa = PBXFileReference; lastKnownFileType = text.plist.entitlements; path = TCA.entitlements; sourceTree = "<group>"; };
		6950EAE327D7A61D00894E87 /* TCATests.xctest */ = {isa = PBXFileReference; explicitFileType = wrapper.cfbundle; includeInIndex = 0; path = TCATests.xctest; sourceTree = BUILT_PRODUCTS_DIR; };
		6950EAE727D7A61D00894E87 /* TCATests.swift */ = {isa = PBXFileReference; lastKnownFileType = sourcecode.swift; path = TCATests.swift; sourceTree = "<group>"; };
		6950EAED27D7A61D00894E87 /* TCAUITests.xctest */ = {isa = PBXFileReference; explicitFileType = wrapper.cfbundle; includeInIndex = 0; path = TCAUITests.xctest; sourceTree = BUILT_PRODUCTS_DIR; };
		6950EAF127D7A61D00894E87 /* TCAUITests.swift */ = {isa = PBXFileReference; lastKnownFileType = sourcecode.swift; path = TCAUITests.swift; sourceTree = "<group>"; };
		6950EAF327D7A61D00894E87 /* TCAUITestsLaunchTests.swift */ = {isa = PBXFileReference; lastKnownFileType = sourcecode.swift; path = TCAUITestsLaunchTests.swift; sourceTree = "<group>"; };
		69BE75B5281516DC00DBA4DF /* SearchListStore.swift */ = {isa = PBXFileReference; lastKnownFileType = sourcecode.swift; path = SearchListStore.swift; sourceTree = "<group>"; };
		69BE75B728151E5000DBA4DF /* String+Extension.swift */ = {isa = PBXFileReference; lastKnownFileType = sourcecode.swift; path = "String+Extension.swift"; sourceTree = "<group>"; };
		69BE75B928158DA200DBA4DF /* Date+Extension.swift */ = {isa = PBXFileReference; lastKnownFileType = sourcecode.swift; path = "Date+Extension.swift"; sourceTree = "<group>"; };
		69BE75BD28158E1E00DBA4DF /* SearchUseCase.swift */ = {isa = PBXFileReference; lastKnownFileType = sourcecode.swift; path = SearchUseCase.swift; sourceTree = "<group>"; };
		69BE75BF28158EBD00DBA4DF /* SearchDefaultUseCase.swift */ = {isa = PBXFileReference; lastKnownFileType = sourcecode.swift; path = SearchDefaultUseCase.swift; sourceTree = "<group>"; };
		69DC6E8228081E8D006A5050 /* Launch Screen.storyboard */ = {isa = PBXFileReference; lastKnownFileType = file.storyboard; path = "Launch Screen.storyboard"; sourceTree = "<group>"; };
		69DC6E8428081FD7006A5050 /* Info.plist */ = {isa = PBXFileReference; lastKnownFileType = text.plist; path = Info.plist; sourceTree = "<group>"; };
		69F2A0B728168CF70053CD83 /* SafariServiceView.swift */ = {isa = PBXFileReference; lastKnownFileType = sourcecode.swift; path = SafariServiceView.swift; sourceTree = "<group>"; };
/* End PBXFileReference section */

/* Begin PBXFrameworksBuildPhase section */
		6950EACF27D7A61B00894E87 /* Frameworks */ = {
			isa = PBXFrameworksBuildPhase;
			buildActionMask = 2147483647;
			files = (
				6950EB0227D7A6BA00894E87 /* ComposableArchitecture in Frameworks */,
				69DC6E8128081DA5006A5050 /* FirebaseAuthCombine-Community in Frameworks */,
				69DC6E7F28081DA5006A5050 /* FirebaseAuth in Frameworks */,
			);
			runOnlyForDeploymentPostprocessing = 0;
		};
		6950EAE027D7A61D00894E87 /* Frameworks */ = {
			isa = PBXFrameworksBuildPhase;
			buildActionMask = 2147483647;
			files = (
			);
			runOnlyForDeploymentPostprocessing = 0;
		};
		6950EAEA27D7A61D00894E87 /* Frameworks */ = {
			isa = PBXFrameworksBuildPhase;
			buildActionMask = 2147483647;
			files = (
			);
			runOnlyForDeploymentPostprocessing = 0;
		};
/* End PBXFrameworksBuildPhase section */

/* Begin PBXGroup section */
		691A307B280EF4C00099E1B3 /* Presentation */ = {
			isa = PBXGroup;
			children = (
				6938FF3228100CC9006DD6DB /* Common */,
				6938FF2C280FE3C9006DD6DB /* SearchList */,
				6950EAD727D7A61B00894E87 /* MainView.swift */,
			);
			path = Presentation;
			sourceTree = "<group>";
		};
		691A307C280EF4D80099E1B3 /* Domain */ = {
			isa = PBXGroup;
			children = (
				6938FF3E281120E4006DD6DB /* Entities */,
				6938FF41281125F1006DD6DB /* Repository */,
				69BE75BB28158E0600DBA4DF /* UseCase */,
			);
			path = Domain;
			sourceTree = "<group>";
		};
		691A307D280EF4E10099E1B3 /* Data */ = {
			isa = PBXGroup;
			children = (
				6938FF46281126BB006DD6DB /* Repository */,
				69BE75BC28158E1100DBA4DF /* UseCase */,
			);
			path = Data;
			sourceTree = "<group>";
		};
		691A307E280EF4FA0099E1B3 /* Resources */ = {
			isa = PBXGroup;
			children = (
				6950EAD927D7A61D00894E87 /* Assets.xcassets */,
			);
			path = Resources;
			sourceTree = "<group>";
		};
		691A3080280EF62B0099E1B3 /* Extensions */ = {
			isa = PBXGroup;
			children = (
				691A3084280EF6690099E1B3 /* UIApplication+Extension.swift */,
				691A3081280EF63E0099E1B3 /* UIDevice+Extension.swift */,
				69BE75B728151E5000DBA4DF /* String+Extension.swift */,
				69BE75B928158DA200DBA4DF /* Date+Extension.swift */,
			);
			path = Extensions;
			sourceTree = "<group>";
		};
		6938FF2C280FE3C9006DD6DB /* SearchList */ = {
			isa = PBXGroup;
			children = (
				6938FF2D280FE3D7006DD6DB /* View */,
				69BE75B4281516C900DBA4DF /* Store */,
				691A3086280EF92A0099E1B3 /* SearchListView.swift */,
			);
			path = SearchList;
			sourceTree = "<group>";
		};
		6938FF2D280FE3D7006DD6DB /* View */ = {
			isa = PBXGroup;
			children = (
				6938FF2E280FE3E4006DD6DB /* SearchBar.swift */,
				6938FF30280FECD7006DD6DB /* SearchItemView.swift */,
			);
			path = View;
			sourceTree = "<group>";
		};
		6938FF3228100CC9006DD6DB /* Common */ = {
			isa = PBXGroup;
			children = (
				6938FF3328100CD6006DD6DB /* StarButton.swift */,
				69F2A0B728168CF70053CD83 /* SafariServiceView.swift */,
			);
			path = Common;
			sourceTree = "<group>";
		};
		6938FF35281113A6006DD6DB /* Application */ = {
			isa = PBXGroup;
			children = (
				6950EAD527D7A61B00894E87 /* TCAApp.swift */,
			);
			path = Application;
			sourceTree = "<group>";
		};
		6938FF362811165C006DD6DB /* Network */ = {
			isa = PBXGroup;
			children = (
				6938FF3B281118D6006DD6DB /* EndPoint */,
				6938FF3728111673006DD6DB /* ApiService.swift */,
				6938FF3928111680006DD6DB /* ApiManager.swift */,
			);
			path = Network;
			sourceTree = "<group>";
		};
		6938FF3B281118D6006DD6DB /* EndPoint */ = {
			isa = PBXGroup;
			children = (
				6938FF3C281118E2006DD6DB /* EndPoint.swift */,
			);
			path = EndPoint;
			sourceTree = "<group>";
		};
		6938FF3E281120E4006DD6DB /* Entities */ = {
			isa = PBXGroup;
			children = (
				6938FF3F281120F6006DD6DB /* Base.swift */,
				6938FF4428112676006DD6DB /* SearchItem.swift */,
			);
			path = Entities;
			sourceTree = "<group>";
		};
		6938FF41281125F1006DD6DB /* Repository */ = {
			isa = PBXGroup;
			children = (
				6938FF422811260D006DD6DB /* SearchRepository.swift */,
			);
			path = Repository;
			sourceTree = "<group>";
		};
		6938FF46281126BB006DD6DB /* Repository */ = {
			isa = PBXGroup;
			children = (
				6938FF4728112B93006DD6DB /* SearchDataRepository.swift */,
			);
			path = Repository;
			sourceTree = "<group>";
		};
		6950EAC927D7A61B00894E87 = {
			isa = PBXGroup;
			children = (
				6950EAD427D7A61B00894E87 /* TCA */,
				6950EAE627D7A61D00894E87 /* TCATests */,
				6950EAF027D7A61D00894E87 /* TCAUITests */,
				6950EAD327D7A61B00894E87 /* Products */,
			);
			sourceTree = "<group>";
		};
		6950EAD327D7A61B00894E87 /* Products */ = {
			isa = PBXGroup;
			children = (
				6950EAD227D7A61B00894E87 /* TCA.app */,
				6950EAE327D7A61D00894E87 /* TCATests.xctest */,
				6950EAED27D7A61D00894E87 /* TCAUITests.xctest */,
			);
			name = Products;
			sourceTree = "<group>";
		};
		6950EAD427D7A61B00894E87 /* TCA */ = {
			isa = PBXGroup;
			children = (
				6938FF35281113A6006DD6DB /* Application */,
				6938FF362811165C006DD6DB /* Network */,
				691A307C280EF4D80099E1B3 /* Domain */,
				691A307D280EF4E10099E1B3 /* Data */,
				691A307B280EF4C00099E1B3 /* Presentation */,
				691A3080280EF62B0099E1B3 /* Extensions */,
				691A307E280EF4FA0099E1B3 /* Resources */,
				6950EADB27D7A61D00894E87 /* Preview Content */,
				69DC6E8428081FD7006A5050 /* Info.plist */,
				6938FF2A280FE2DB006DD6DB /* GoogleService-Info.plist */,
				6950EADE27D7A61D00894E87 /* TCA.entitlements */,
				69DC6E8228081E8D006A5050 /* Launch Screen.storyboard */,
			);
			path = TCA;
			sourceTree = "<group>";
		};
		6950EADB27D7A61D00894E87 /* Preview Content */ = {
			isa = PBXGroup;
			children = (
				6950EADC27D7A61D00894E87 /* Preview Assets.xcassets */,
			);
			path = "Preview Content";
			sourceTree = "<group>";
		};
		6950EAE627D7A61D00894E87 /* TCATests */ = {
			isa = PBXGroup;
			children = (
				6950EAE727D7A61D00894E87 /* TCATests.swift */,
			);
			path = TCATests;
			sourceTree = "<group>";
		};
		6950EAF027D7A61D00894E87 /* TCAUITests */ = {
			isa = PBXGroup;
			children = (
				6950EAF127D7A61D00894E87 /* TCAUITests.swift */,
				6950EAF327D7A61D00894E87 /* TCAUITestsLaunchTests.swift */,
			);
			path = TCAUITests;
			sourceTree = "<group>";
		};
		69BE75B4281516C900DBA4DF /* Store */ = {
			isa = PBXGroup;
			children = (
				69BE75B5281516DC00DBA4DF /* SearchListStore.swift */,
			);
			path = Store;
			sourceTree = "<group>";
		};
		69BE75BB28158E0600DBA4DF /* UseCase */ = {
			isa = PBXGroup;
			children = (
				69BE75BD28158E1E00DBA4DF /* SearchUseCase.swift */,
			);
			path = UseCase;
			sourceTree = "<group>";
		};
		69BE75BC28158E1100DBA4DF /* UseCase */ = {
			isa = PBXGroup;
			children = (
				69BE75BF28158EBD00DBA4DF /* SearchDefaultUseCase.swift */,
			);
			path = UseCase;
			sourceTree = "<group>";
		};
/* End PBXGroup section */

/* Begin PBXNativeTarget section */
		6950EAD127D7A61B00894E87 /* TCA */ = {
			isa = PBXNativeTarget;
			buildConfigurationList = 6950EAF727D7A61D00894E87 /* Build configuration list for PBXNativeTarget "TCA" */;
			buildPhases = (
				6950EACE27D7A61B00894E87 /* Sources */,
				6950EACF27D7A61B00894E87 /* Frameworks */,
				6950EAD027D7A61B00894E87 /* Resources */,
			);
			buildRules = (
			);
			dependencies = (
			);
			name = TCA;
			packageProductDependencies = (
				6950EB0127D7A6BA00894E87 /* ComposableArchitecture */,
				69DC6E7E28081DA5006A5050 /* FirebaseAuth */,
				69DC6E8028081DA5006A5050 /* FirebaseAuthCombine-Community */,
			);
			productName = TCA;
			productReference = 6950EAD227D7A61B00894E87 /* TCA.app */;
			productType = "com.apple.product-type.application";
		};
		6950EAE227D7A61D00894E87 /* TCATests */ = {
			isa = PBXNativeTarget;
			buildConfigurationList = 6950EAFA27D7A61D00894E87 /* Build configuration list for PBXNativeTarget "TCATests" */;
			buildPhases = (
				6950EADF27D7A61D00894E87 /* Sources */,
				6950EAE027D7A61D00894E87 /* Frameworks */,
				6950EAE127D7A61D00894E87 /* Resources */,
			);
			buildRules = (
			);
			dependencies = (
				6950EAE527D7A61D00894E87 /* PBXTargetDependency */,
			);
			name = TCATests;
			productName = TCATests;
			productReference = 6950EAE327D7A61D00894E87 /* TCATests.xctest */;
			productType = "com.apple.product-type.bundle.unit-test";
		};
		6950EAEC27D7A61D00894E87 /* TCAUITests */ = {
			isa = PBXNativeTarget;
			buildConfigurationList = 6950EAFD27D7A61D00894E87 /* Build configuration list for PBXNativeTarget "TCAUITests" */;
			buildPhases = (
				6950EAE927D7A61D00894E87 /* Sources */,
				6950EAEA27D7A61D00894E87 /* Frameworks */,
				6950EAEB27D7A61D00894E87 /* Resources */,
			);
			buildRules = (
			);
			dependencies = (
				6950EAEF27D7A61D00894E87 /* PBXTargetDependency */,
			);
			name = TCAUITests;
			productName = TCAUITests;
			productReference = 6950EAED27D7A61D00894E87 /* TCAUITests.xctest */;
			productType = "com.apple.product-type.bundle.ui-testing";
		};
/* End PBXNativeTarget section */

/* Begin PBXProject section */
		6950EACA27D7A61B00894E87 /* Project object */ = {
			isa = PBXProject;
			attributes = {
				BuildIndependentTargetsInParallel = 1;
				LastSwiftUpdateCheck = 1320;
				LastUpgradeCheck = 1320;
				TargetAttributes = {
					6950EAD127D7A61B00894E87 = {
						CreatedOnToolsVersion = 13.2.1;
					};
					6950EAE227D7A61D00894E87 = {
						CreatedOnToolsVersion = 13.2.1;
						TestTargetID = 6950EAD127D7A61B00894E87;
					};
					6950EAEC27D7A61D00894E87 = {
						CreatedOnToolsVersion = 13.2.1;
						TestTargetID = 6950EAD127D7A61B00894E87;
					};
				};
			};
			buildConfigurationList = 6950EACD27D7A61B00894E87 /* Build configuration list for PBXProject "TCA" */;
			compatibilityVersion = "Xcode 13.0";
			developmentRegion = en;
			hasScannedForEncodings = 0;
			knownRegions = (
				en,
				Base,
			);
			mainGroup = 6950EAC927D7A61B00894E87;
			packageReferences = (
				6950EB0027D7A6BA00894E87 /* XCRemoteSwiftPackageReference "swift-composable-architecture" */,
				69DC6E7D28081DA5006A5050 /* XCRemoteSwiftPackageReference "firebase-ios-sdk" */,
			);
			productRefGroup = 6950EAD327D7A61B00894E87 /* Products */;
			projectDirPath = "";
			projectRoot = "";
			targets = (
				6950EAD127D7A61B00894E87 /* TCA */,
				6950EAE227D7A61D00894E87 /* TCATests */,
				6950EAEC27D7A61D00894E87 /* TCAUITests */,
			);
		};
/* End PBXProject section */

/* Begin PBXResourcesBuildPhase section */
		6950EAD027D7A61B00894E87 /* Resources */ = {
			isa = PBXResourcesBuildPhase;
			buildActionMask = 2147483647;
			files = (
				6950EADD27D7A61D00894E87 /* Preview Assets.xcassets in Resources */,
				6938FF2B280FE2DB006DD6DB /* GoogleService-Info.plist in Resources */,
				6950EADA27D7A61D00894E87 /* Assets.xcassets in Resources */,
				69DC6E8328081E8D006A5050 /* Launch Screen.storyboard in Resources */,
			);
			runOnlyForDeploymentPostprocessing = 0;
		};
		6950EAE127D7A61D00894E87 /* Resources */ = {
			isa = PBXResourcesBuildPhase;
			buildActionMask = 2147483647;
			files = (
			);
			runOnlyForDeploymentPostprocessing = 0;
		};
		6950EAEB27D7A61D00894E87 /* Resources */ = {
			isa = PBXResourcesBuildPhase;
			buildActionMask = 2147483647;
			files = (
			);
			runOnlyForDeploymentPostprocessing = 0;
		};
/* End PBXResourcesBuildPhase section */

/* Begin PBXSourcesBuildPhase section */
		6950EACE27D7A61B00894E87 /* Sources */ = {
			isa = PBXSourcesBuildPhase;
			buildActionMask = 2147483647;
			files = (
				6938FF40281120F6006DD6DB /* Base.swift in Sources */,
				69F2A0B828168CF70053CD83 /* SafariServiceView.swift in Sources */,
				69BE75C028158EBD00DBA4DF /* SearchDefaultUseCase.swift in Sources */,
				6950EAD827D7A61B00894E87 /* MainView.swift in Sources */,
				6938FF3428100CD6006DD6DB /* StarButton.swift in Sources */,
				6938FF3A28111680006DD6DB /* ApiManager.swift in Sources */,
				691A3082280EF63E0099E1B3 /* UIDevice+Extension.swift in Sources */,
				6938FF3D281118E2006DD6DB /* EndPoint.swift in Sources */,
				6938FF4828112B93006DD6DB /* SearchDataRepository.swift in Sources */,
				6938FF432811260D006DD6DB /* SearchRepository.swift in Sources */,
				69BE75B828151E5000DBA4DF /* String+Extension.swift in Sources */,
				691A3085280EF6690099E1B3 /* UIApplication+Extension.swift in Sources */,
				6938FF3828111673006DD6DB /* ApiService.swift in Sources */,
				6950EAD627D7A61B00894E87 /* TCAApp.swift in Sources */,
				6938FF31280FECD7006DD6DB /* SearchItemView.swift in Sources */,
				691A3087280EF92A0099E1B3 /* SearchListView.swift in Sources */,
				6938FF4528112676006DD6DB /* SearchItem.swift in Sources */,
				6938FF2F280FE3E4006DD6DB /* SearchBar.swift in Sources */,
				69BE75B6281516DC00DBA4DF /* SearchListStore.swift in Sources */,
				69BE75BA28158DA200DBA4DF /* Date+Extension.swift in Sources */,
				69BE75BE28158E1E00DBA4DF /* SearchUseCase.swift in Sources */,
			);
			runOnlyForDeploymentPostprocessing = 0;
		};
		6950EADF27D7A61D00894E87 /* Sources */ = {
			isa = PBXSourcesBuildPhase;
			buildActionMask = 2147483647;
			files = (
				6950EAE827D7A61D00894E87 /* TCATests.swift in Sources */,
			);
			runOnlyForDeploymentPostprocessing = 0;
		};
		6950EAE927D7A61D00894E87 /* Sources */ = {
			isa = PBXSourcesBuildPhase;
			buildActionMask = 2147483647;
			files = (
				6950EAF227D7A61D00894E87 /* TCAUITests.swift in Sources */,
				6950EAF427D7A61D00894E87 /* TCAUITestsLaunchTests.swift in Sources */,
			);
			runOnlyForDeploymentPostprocessing = 0;
		};
/* End PBXSourcesBuildPhase section */

/* Begin PBXTargetDependency section */
		6950EAE527D7A61D00894E87 /* PBXTargetDependency */ = {
			isa = PBXTargetDependency;
			target = 6950EAD127D7A61B00894E87 /* TCA */;
			targetProxy = 6950EAE427D7A61D00894E87 /* PBXContainerItemProxy */;
		};
		6950EAEF27D7A61D00894E87 /* PBXTargetDependency */ = {
			isa = PBXTargetDependency;
			target = 6950EAD127D7A61B00894E87 /* TCA */;
			targetProxy = 6950EAEE27D7A61D00894E87 /* PBXContainerItemProxy */;
		};
/* End PBXTargetDependency section */

/* Begin XCBuildConfiguration section */
		6950EAF527D7A61D00894E87 /* Debug */ = {
			isa = XCBuildConfiguration;
			buildSettings = {
				ALWAYS_SEARCH_USER_PATHS = NO;
				CLANG_ANALYZER_NONNULL = YES;
				CLANG_ANALYZER_NUMBER_OBJECT_CONVERSION = YES_AGGRESSIVE;
				CLANG_CXX_LANGUAGE_STANDARD = "gnu++17";
				CLANG_CXX_LIBRARY = "libc++";
				CLANG_ENABLE_MODULES = YES;
				CLANG_ENABLE_OBJC_ARC = YES;
				CLANG_ENABLE_OBJC_WEAK = YES;
				CLANG_WARN_BLOCK_CAPTURE_AUTORELEASING = YES;
				CLANG_WARN_BOOL_CONVERSION = YES;
				CLANG_WARN_COMMA = YES;
				CLANG_WARN_CONSTANT_CONVERSION = YES;
				CLANG_WARN_DEPRECATED_OBJC_IMPLEMENTATIONS = YES;
				CLANG_WARN_DIRECT_OBJC_ISA_USAGE = YES_ERROR;
				CLANG_WARN_DOCUMENTATION_COMMENTS = YES;
				CLANG_WARN_EMPTY_BODY = YES;
				CLANG_WARN_ENUM_CONVERSION = YES;
				CLANG_WARN_INFINITE_RECURSION = YES;
				CLANG_WARN_INT_CONVERSION = YES;
				CLANG_WARN_NON_LITERAL_NULL_CONVERSION = YES;
				CLANG_WARN_OBJC_IMPLICIT_RETAIN_SELF = YES;
				CLANG_WARN_OBJC_LITERAL_CONVERSION = YES;
				CLANG_WARN_OBJC_ROOT_CLASS = YES_ERROR;
				CLANG_WARN_QUOTED_INCLUDE_IN_FRAMEWORK_HEADER = YES;
				CLANG_WARN_RANGE_LOOP_ANALYSIS = YES;
				CLANG_WARN_STRICT_PROTOTYPES = YES;
				CLANG_WARN_SUSPICIOUS_MOVE = YES;
				CLANG_WARN_UNGUARDED_AVAILABILITY = YES_AGGRESSIVE;
				CLANG_WARN_UNREACHABLE_CODE = YES;
				CLANG_WARN__DUPLICATE_METHOD_MATCH = YES;
				COPY_PHASE_STRIP = NO;
				DEBUG_INFORMATION_FORMAT = dwarf;
				ENABLE_STRICT_OBJC_MSGSEND = YES;
				ENABLE_TESTABILITY = YES;
				GCC_C_LANGUAGE_STANDARD = gnu11;
				GCC_DYNAMIC_NO_PIC = NO;
				GCC_NO_COMMON_BLOCKS = YES;
				GCC_OPTIMIZATION_LEVEL = 0;
				GCC_PREPROCESSOR_DEFINITIONS = (
					"DEBUG=1",
					"$(inherited)",
				);
				GCC_WARN_64_TO_32_BIT_CONVERSION = YES;
				GCC_WARN_ABOUT_RETURN_TYPE = YES_ERROR;
				GCC_WARN_UNDECLARED_SELECTOR = YES;
				GCC_WARN_UNINITIALIZED_AUTOS = YES_AGGRESSIVE;
				GCC_WARN_UNUSED_FUNCTION = YES;
				GCC_WARN_UNUSED_VARIABLE = YES;
				IPHONEOS_DEPLOYMENT_TARGET = 15.0;
				MACOSX_DEPLOYMENT_TARGET = 12.1;
				MTL_ENABLE_DEBUG_INFO = INCLUDE_SOURCE;
				MTL_FAST_MATH = YES;
				ONLY_ACTIVE_ARCH = YES;
				SDKROOT = iphoneos;
				SWIFT_ACTIVE_COMPILATION_CONDITIONS = DEBUG;
				SWIFT_OPTIMIZATION_LEVEL = "-Onone";
			};
			name = Debug;
		};
		6950EAF627D7A61D00894E87 /* Release */ = {
			isa = XCBuildConfiguration;
			buildSettings = {
				ALWAYS_SEARCH_USER_PATHS = NO;
				CLANG_ANALYZER_NONNULL = YES;
				CLANG_ANALYZER_NUMBER_OBJECT_CONVERSION = YES_AGGRESSIVE;
				CLANG_CXX_LANGUAGE_STANDARD = "gnu++17";
				CLANG_CXX_LIBRARY = "libc++";
				CLANG_ENABLE_MODULES = YES;
				CLANG_ENABLE_OBJC_ARC = YES;
				CLANG_ENABLE_OBJC_WEAK = YES;
				CLANG_WARN_BLOCK_CAPTURE_AUTORELEASING = YES;
				CLANG_WARN_BOOL_CONVERSION = YES;
				CLANG_WARN_COMMA = YES;
				CLANG_WARN_CONSTANT_CONVERSION = YES;
				CLANG_WARN_DEPRECATED_OBJC_IMPLEMENTATIONS = YES;
				CLANG_WARN_DIRECT_OBJC_ISA_USAGE = YES_ERROR;
				CLANG_WARN_DOCUMENTATION_COMMENTS = YES;
				CLANG_WARN_EMPTY_BODY = YES;
				CLANG_WARN_ENUM_CONVERSION = YES;
				CLANG_WARN_INFINITE_RECURSION = YES;
				CLANG_WARN_INT_CONVERSION = YES;
				CLANG_WARN_NON_LITERAL_NULL_CONVERSION = YES;
				CLANG_WARN_OBJC_IMPLICIT_RETAIN_SELF = YES;
				CLANG_WARN_OBJC_LITERAL_CONVERSION = YES;
				CLANG_WARN_OBJC_ROOT_CLASS = YES_ERROR;
				CLANG_WARN_QUOTED_INCLUDE_IN_FRAMEWORK_HEADER = YES;
				CLANG_WARN_RANGE_LOOP_ANALYSIS = YES;
				CLANG_WARN_STRICT_PROTOTYPES = YES;
				CLANG_WARN_SUSPICIOUS_MOVE = YES;
				CLANG_WARN_UNGUARDED_AVAILABILITY = YES_AGGRESSIVE;
				CLANG_WARN_UNREACHABLE_CODE = YES;
				CLANG_WARN__DUPLICATE_METHOD_MATCH = YES;
				COPY_PHASE_STRIP = NO;
				DEBUG_INFORMATION_FORMAT = "dwarf-with-dsym";
				ENABLE_NS_ASSERTIONS = NO;
				ENABLE_STRICT_OBJC_MSGSEND = YES;
				GCC_C_LANGUAGE_STANDARD = gnu11;
				GCC_NO_COMMON_BLOCKS = YES;
				GCC_WARN_64_TO_32_BIT_CONVERSION = YES;
				GCC_WARN_ABOUT_RETURN_TYPE = YES_ERROR;
				GCC_WARN_UNDECLARED_SELECTOR = YES;
				GCC_WARN_UNINITIALIZED_AUTOS = YES_AGGRESSIVE;
				GCC_WARN_UNUSED_FUNCTION = YES;
				GCC_WARN_UNUSED_VARIABLE = YES;
				IPHONEOS_DEPLOYMENT_TARGET = 15.0;
				MACOSX_DEPLOYMENT_TARGET = 12.1;
				MTL_ENABLE_DEBUG_INFO = NO;
				MTL_FAST_MATH = YES;
				SDKROOT = iphoneos;
				SWIFT_COMPILATION_MODE = wholemodule;
				SWIFT_OPTIMIZATION_LEVEL = "-O";
			};
			name = Release;
		};
		6950EAF827D7A61D00894E87 /* Debug */ = {
			isa = XCBuildConfiguration;
			buildSettings = {
				ASSETCATALOG_COMPILER_APPICON_NAME = AppIcon;
				ASSETCATALOG_COMPILER_GLOBAL_ACCENT_COLOR_NAME = AccentColor;
				CODE_SIGN_ENTITLEMENTS = TCA/TCA.entitlements;
				CODE_SIGN_STYLE = Automatic;
				COMBINE_HIDPI_IMAGES = YES;
				CURRENT_PROJECT_VERSION = 1;
				DEVELOPMENT_ASSET_PATHS = "\"TCA/Preview Content\"";
				DEVELOPMENT_TEAM = 7DU6PDNRU2;
				ENABLE_HARDENED_RUNTIME = YES;
				ENABLE_PREVIEWS = YES;
				GENERATE_INFOPLIST_FILE = YES;
				INFOPLIST_FILE = TCA/Info.plist;
				INFOPLIST_KEY_NSHumanReadableCopyright = "";
				INFOPLIST_KEY_UILaunchStoryboardName = "Launch Screen";
				INFOPLIST_KEY_UISupportedInterfaceOrientations = UIInterfaceOrientationPortrait;
				LD_RUNPATH_SEARCH_PATHS = (
					"$(inherited)",
					"@executable_path/../Frameworks",
				);
				MARKETING_VERSION = 1.0;
				PRODUCT_BUNDLE_IDENTIFIER = com.butterfree.sample;
				PRODUCT_NAME = "$(TARGET_NAME)";
				SDKROOT = iphoneos;
				SWIFT_EMIT_LOC_STRINGS = YES;
				SWIFT_VERSION = 5.0;
			};
			name = Debug;
		};
		6950EAF927D7A61D00894E87 /* Release */ = {
			isa = XCBuildConfiguration;
			buildSettings = {
				ASSETCATALOG_COMPILER_APPICON_NAME = AppIcon;
				ASSETCATALOG_COMPILER_GLOBAL_ACCENT_COLOR_NAME = AccentColor;
				CODE_SIGN_ENTITLEMENTS = TCA/TCA.entitlements;
				CODE_SIGN_STYLE = Automatic;
				COMBINE_HIDPI_IMAGES = YES;
				CURRENT_PROJECT_VERSION = 1;
				DEVELOPMENT_ASSET_PATHS = "\"TCA/Preview Content\"";
				DEVELOPMENT_TEAM = 7DU6PDNRU2;
				ENABLE_HARDENED_RUNTIME = YES;
				ENABLE_PREVIEWS = YES;
				GENERATE_INFOPLIST_FILE = YES;
				INFOPLIST_FILE = TCA/Info.plist;
				INFOPLIST_KEY_NSHumanReadableCopyright = "";
				INFOPLIST_KEY_UILaunchStoryboardName = "Launch Screen";
				INFOPLIST_KEY_UISupportedInterfaceOrientations = UIInterfaceOrientationPortrait;
				LD_RUNPATH_SEARCH_PATHS = (
					"$(inherited)",
					"@executable_path/../Frameworks",
				);
				MARKETING_VERSION = 1.0;
				PRODUCT_BUNDLE_IDENTIFIER = com.butterfree.sample;
				PRODUCT_NAME = "$(TARGET_NAME)";
				SDKROOT = iphoneos;
				SWIFT_EMIT_LOC_STRINGS = YES;
				SWIFT_VERSION = 5.0;
			};
			name = Release;
		};
		6950EAFB27D7A61D00894E87 /* Debug */ = {
			isa = XCBuildConfiguration;
			buildSettings = {
				ALWAYS_EMBED_SWIFT_STANDARD_LIBRARIES = YES;
				BUNDLE_LOADER = "$(TEST_HOST)";
				CODE_SIGN_STYLE = Automatic;
				CURRENT_PROJECT_VERSION = 1;
				DEVELOPMENT_TEAM = 7DU6PDNRU2;
				GENERATE_INFOPLIST_FILE = YES;
				MACOSX_DEPLOYMENT_TARGET = 12.1;
				MARKETING_VERSION = 1.0;
				PRODUCT_BUNDLE_IDENTIFIER = com.butterfree.TCATests;
				PRODUCT_NAME = "$(TARGET_NAME)";
				SWIFT_EMIT_LOC_STRINGS = NO;
				SWIFT_VERSION = 5.0;
				TEST_HOST = "$(BUILT_PRODUCTS_DIR)/TCA.app/Contents/MacOS/TCA";
			};
			name = Debug;
		};
		6950EAFC27D7A61D00894E87 /* Release */ = {
			isa = XCBuildConfiguration;
			buildSettings = {
				ALWAYS_EMBED_SWIFT_STANDARD_LIBRARIES = YES;
				BUNDLE_LOADER = "$(TEST_HOST)";
				CODE_SIGN_STYLE = Automatic;
				CURRENT_PROJECT_VERSION = 1;
				DEVELOPMENT_TEAM = 7DU6PDNRU2;
				GENERATE_INFOPLIST_FILE = YES;
				MACOSX_DEPLOYMENT_TARGET = 12.1;
				MARKETING_VERSION = 1.0;
				PRODUCT_BUNDLE_IDENTIFIER = com.butterfree.TCATests;
				PRODUCT_NAME = "$(TARGET_NAME)";
				SWIFT_EMIT_LOC_STRINGS = NO;
				SWIFT_VERSION = 5.0;
				TEST_HOST = "$(BUILT_PRODUCTS_DIR)/TCA.app/Contents/MacOS/TCA";
			};
			name = Release;
		};
		6950EAFE27D7A61D00894E87 /* Debug */ = {
			isa = XCBuildConfiguration;
			buildSettings = {
				ALWAYS_EMBED_SWIFT_STANDARD_LIBRARIES = YES;
				CODE_SIGN_STYLE = Automatic;
				CURRENT_PROJECT_VERSION = 1;
				DEVELOPMENT_TEAM = 7DU6PDNRU2;
				GENERATE_INFOPLIST_FILE = YES;
				MARKETING_VERSION = 1.0;
				PRODUCT_BUNDLE_IDENTIFIER = com.butterfree.TCAUITests;
				PRODUCT_NAME = "$(TARGET_NAME)";
				SWIFT_EMIT_LOC_STRINGS = NO;
				SWIFT_VERSION = 5.0;
				TEST_TARGET_NAME = TCA;
			};
			name = Debug;
		};
		6950EAFF27D7A61D00894E87 /* Release */ = {
			isa = XCBuildConfiguration;
			buildSettings = {
				ALWAYS_EMBED_SWIFT_STANDARD_LIBRARIES = YES;
				CODE_SIGN_STYLE = Automatic;
				CURRENT_PROJECT_VERSION = 1;
				DEVELOPMENT_TEAM = 7DU6PDNRU2;
				GENERATE_INFOPLIST_FILE = YES;
				MARKETING_VERSION = 1.0;
				PRODUCT_BUNDLE_IDENTIFIER = com.butterfree.TCAUITests;
				PRODUCT_NAME = "$(TARGET_NAME)";
				SWIFT_EMIT_LOC_STRINGS = NO;
				SWIFT_VERSION = 5.0;
				TEST_TARGET_NAME = TCA;
			};
			name = Release;
		};
/* End XCBuildConfiguration section */

/* Begin XCConfigurationList section */
		6950EACD27D7A61B00894E87 /* Build configuration list for PBXProject "TCA" */ = {
			isa = XCConfigurationList;
			buildConfigurations = (
				6950EAF527D7A61D00894E87 /* Debug */,
				6950EAF627D7A61D00894E87 /* Release */,
			);
			defaultConfigurationIsVisible = 0;
			defaultConfigurationName = Release;
		};
		6950EAF727D7A61D00894E87 /* Build configuration list for PBXNativeTarget "TCA" */ = {
			isa = XCConfigurationList;
			buildConfigurations = (
				6950EAF827D7A61D00894E87 /* Debug */,
				6950EAF927D7A61D00894E87 /* Release */,
			);
			defaultConfigurationIsVisible = 0;
			defaultConfigurationName = Release;
		};
		6950EAFA27D7A61D00894E87 /* Build configuration list for PBXNativeTarget "TCATests" */ = {
			isa = XCConfigurationList;
			buildConfigurations = (
				6950EAFB27D7A61D00894E87 /* Debug */,
				6950EAFC27D7A61D00894E87 /* Release */,
			);
			defaultConfigurationIsVisible = 0;
			defaultConfigurationName = Release;
		};
		6950EAFD27D7A61D00894E87 /* Build configuration list for PBXNativeTarget "TCAUITests" */ = {
			isa = XCConfigurationList;
			buildConfigurations = (
				6950EAFE27D7A61D00894E87 /* Debug */,
				6950EAFF27D7A61D00894E87 /* Release */,
			);
			defaultConfigurationIsVisible = 0;
			defaultConfigurationName = Release;
		};
/* End XCConfigurationList section */

/* Begin XCRemoteSwiftPackageReference section */
		6950EB0027D7A6BA00894E87 /* XCRemoteSwiftPackageReference "swift-composable-architecture" */ = {
			isa = XCRemoteSwiftPackageReference;
			repositoryURL = "https://github.com/pointfreeco/swift-composable-architecture";
			requirement = {
				kind = upToNextMajorVersion;
				minimumVersion = 0.9.0;
			};
		};
		69DC6E7D28081DA5006A5050 /* XCRemoteSwiftPackageReference "firebase-ios-sdk" */ = {
			isa = XCRemoteSwiftPackageReference;
			repositoryURL = "https://github.com/firebase/firebase-ios-sdk";
			requirement = {
				branch = master;
				kind = branch;
			};
		};
/* End XCRemoteSwiftPackageReference section */

/* Begin XCSwiftPackageProductDependency section */
		6950EB0127D7A6BA00894E87 /* ComposableArchitecture */ = {
			isa = XCSwiftPackageProductDependency;
			package = 6950EB0027D7A6BA00894E87 /* XCRemoteSwiftPackageReference "swift-composable-architecture" */;
			productName = ComposableArchitecture;
		};
		69DC6E7E28081DA5006A5050 /* FirebaseAuth */ = {
			isa = XCSwiftPackageProductDependency;
			package = 69DC6E7D28081DA5006A5050 /* XCRemoteSwiftPackageReference "firebase-ios-sdk" */;
			productName = FirebaseAuth;
		};
		69DC6E8028081DA5006A5050 /* FirebaseAuthCombine-Community */ = {
			isa = XCSwiftPackageProductDependency;
			package = 69DC6E7D28081DA5006A5050 /* XCRemoteSwiftPackageReference "firebase-ios-sdk" */;
			productName = "FirebaseAuthCombine-Community";
		};
/* End XCSwiftPackageProductDependency section */
	};
	rootObject = 6950EACA27D7A61B00894E87 /* Project object */;
}
