// !$*UTF8*$!
{
	archiveVersion = 1;
	classes = {
	};
	objectVersion = 55;
	objects = {

/* Begin PBXBuildFile section */
		69B77AE427BBFBCF0022FBE7 /* mini_appApp.swift in Sources */ = {isa = PBXBuildFile; fileRef = 69B77AE327BBFBCF0022FBE7 /* mini_appApp.swift */; };
		69B77AE627BBFBCF0022FBE7 /* ContentView.swift in Sources */ = {isa = PBXBuildFile; fileRef = 69B77AE527BBFBCF0022FBE7 /* ContentView.swift */; };
		69B77AE827BBFBD00022FBE7 /* Assets.xcassets in Resources */ = {isa = PBXBuildFile; fileRef = 69B77AE727BBFBD00022FBE7 /* Assets.xcassets */; };
		69B77AEB27BBFBD00022FBE7 /* Preview Assets.xcassets in Resources */ = {isa = PBXBuildFile; fileRef = 69B77AEA27BBFBD00022FBE7 /* Preview Assets.xcassets */; };
		69B77AF627BBFBD10022FBE7 /* mini_appTests.swift in Sources */ = {isa = PBXBuildFile; fileRef = 69B77AF527BBFBD10022FBE7 /* mini_appTests.swift */; };
		69B77B0027BBFBD10022FBE7 /* mini_appUITests.swift in Sources */ = {isa = PBXBuildFile; fileRef = 69B77AFF27BBFBD10022FBE7 /* mini_appUITests.swift */; };
		69B77B0227BBFBD10022FBE7 /* mini_appUITestsLaunchTests.swift in Sources */ = {isa = PBXBuildFile; fileRef = 69B77B0127BBFBD10022FBE7 /* mini_appUITestsLaunchTests.swift */; };
/* End PBXBuildFile section */

/* Begin PBXContainerItemProxy section */
		69B77AF227BBFBD10022FBE7 /* PBXContainerItemProxy */ = {
			isa = PBXContainerItemProxy;
			containerPortal = 69B77AD827BBFBCF0022FBE7 /* Project object */;
			proxyType = 1;
			remoteGlobalIDString = 69B77ADF27BBFBCF0022FBE7;
			remoteInfo = "mini-app";
		};
		69B77AFC27BBFBD10022FBE7 /* PBXContainerItemProxy */ = {
			isa = PBXContainerItemProxy;
			containerPortal = 69B77AD827BBFBCF0022FBE7 /* Project object */;
			proxyType = 1;
			remoteGlobalIDString = 69B77ADF27BBFBCF0022FBE7;
			remoteInfo = "mini-app";
		};
/* End PBXContainerItemProxy section */

/* Begin PBXFileReference section */
		69B77AE027BBFBCF0022FBE7 /* mini-app.app */ = {isa = PBXFileReference; explicitFileType = wrapper.application; includeInIndex = 0; path = "mini-app.app"; sourceTree = BUILT_PRODUCTS_DIR; };
		69B77AE327BBFBCF0022FBE7 /* mini_appApp.swift */ = {isa = PBXFileReference; lastKnownFileType = sourcecode.swift; path = mini_appApp.swift; sourceTree = "<group>"; };
		69B77AE527BBFBCF0022FBE7 /* ContentView.swift */ = {isa = PBXFileReference; lastKnownFileType = sourcecode.swift; path = ContentView.swift; sourceTree = "<group>"; };
		69B77AE727BBFBD00022FBE7 /* Assets.xcassets */ = {isa = PBXFileReference; lastKnownFileType = folder.assetcatalog; path = Assets.xcassets; sourceTree = "<group>"; };
		69B77AEA27BBFBD00022FBE7 /* Preview Assets.xcassets */ = {isa = PBXFileReference; lastKnownFileType = folder.assetcatalog; path = "Preview Assets.xcassets"; sourceTree = "<group>"; };
		69B77AEC27BBFBD00022FBE7 /* mini_app.entitlements */ = {isa = PBXFileReference; lastKnownFileType = text.plist.entitlements; path = mini_app.entitlements; sourceTree = "<group>"; };
		69B77AF127BBFBD10022FBE7 /* mini-appTests.xctest */ = {isa = PBXFileReference; explicitFileType = wrapper.cfbundle; includeInIndex = 0; path = "mini-appTests.xctest"; sourceTree = BUILT_PRODUCTS_DIR; };
		69B77AF527BBFBD10022FBE7 /* mini_appTests.swift */ = {isa = PBXFileReference; lastKnownFileType = sourcecode.swift; path = mini_appTests.swift; sourceTree = "<group>"; };
		69B77AFB27BBFBD10022FBE7 /* mini-appUITests.xctest */ = {isa = PBXFileReference; explicitFileType = wrapper.cfbundle; includeInIndex = 0; path = "mini-appUITests.xctest"; sourceTree = BUILT_PRODUCTS_DIR; };
		69B77AFF27BBFBD10022FBE7 /* mini_appUITests.swift */ = {isa = PBXFileReference; lastKnownFileType = sourcecode.swift; path = mini_appUITests.swift; sourceTree = "<group>"; };
		69B77B0127BBFBD10022FBE7 /* mini_appUITestsLaunchTests.swift */ = {isa = PBXFileReference; lastKnownFileType = sourcecode.swift; path = mini_appUITestsLaunchTests.swift; sourceTree = "<group>"; };
/* End PBXFileReference section */

/* Begin PBXFrameworksBuildPhase section */
		69B77ADD27BBFBCF0022FBE7 /* Frameworks */ = {
			isa = PBXFrameworksBuildPhase;
			buildActionMask = 2147483647;
			files = (
			);
			runOnlyForDeploymentPostprocessing = 0;
		};
		69B77AEE27BBFBD10022FBE7 /* Frameworks */ = {
			isa = PBXFrameworksBuildPhase;
			buildActionMask = 2147483647;
			files = (
			);
			runOnlyForDeploymentPostprocessing = 0;
		};
		69B77AF827BBFBD10022FBE7 /* Frameworks */ = {
			isa = PBXFrameworksBuildPhase;
			buildActionMask = 2147483647;
			files = (
			);
			runOnlyForDeploymentPostprocessing = 0;
		};
/* End PBXFrameworksBuildPhase section */

/* Begin PBXGroup section */
		69B77AD727BBFBCF0022FBE7 = {
			isa = PBXGroup;
			children = (
				69B77AE227BBFBCF0022FBE7 /* mini-app */,
				69B77AF427BBFBD10022FBE7 /* mini-appTests */,
				69B77AFE27BBFBD10022FBE7 /* mini-appUITests */,
				69B77AE127BBFBCF0022FBE7 /* Products */,
			);
			sourceTree = "<group>";
		};
		69B77AE127BBFBCF0022FBE7 /* Products */ = {
			isa = PBXGroup;
			children = (
				69B77AE027BBFBCF0022FBE7 /* mini-app.app */,
				69B77AF127BBFBD10022FBE7 /* mini-appTests.xctest */,
				69B77AFB27BBFBD10022FBE7 /* mini-appUITests.xctest */,
			);
			name = Products;
			sourceTree = "<group>";
		};
		69B77AE227BBFBCF0022FBE7 /* mini-app */ = {
			isa = PBXGroup;
			children = (
				69B77AE327BBFBCF0022FBE7 /* mini_appApp.swift */,
				69B77AE527BBFBCF0022FBE7 /* ContentView.swift */,
				69B77AE727BBFBD00022FBE7 /* Assets.xcassets */,
				69B77AEC27BBFBD00022FBE7 /* mini_app.entitlements */,
				69B77AE927BBFBD00022FBE7 /* Preview Content */,
			);
			path = "mini-app";
			sourceTree = "<group>";
		};
		69B77AE927BBFBD00022FBE7 /* Preview Content */ = {
			isa = PBXGroup;
			children = (
				69B77AEA27BBFBD00022FBE7 /* Preview Assets.xcassets */,
			);
			path = "Preview Content";
			sourceTree = "<group>";
		};
		69B77AF427BBFBD10022FBE7 /* mini-appTests */ = {
			isa = PBXGroup;
			children = (
				69B77AF527BBFBD10022FBE7 /* mini_appTests.swift */,
			);
			path = "mini-appTests";
			sourceTree = "<group>";
		};
		69B77AFE27BBFBD10022FBE7 /* mini-appUITests */ = {
			isa = PBXGroup;
			children = (
				69B77AFF27BBFBD10022FBE7 /* mini_appUITests.swift */,
				69B77B0127BBFBD10022FBE7 /* mini_appUITestsLaunchTests.swift */,
			);
			path = "mini-appUITests";
			sourceTree = "<group>";
		};
/* End PBXGroup section */

/* Begin PBXNativeTarget section */
		69B77ADF27BBFBCF0022FBE7 /* mini-app */ = {
			isa = PBXNativeTarget;
			buildConfigurationList = 69B77B0527BBFBD10022FBE7 /* Build configuration list for PBXNativeTarget "mini-app" */;
			buildPhases = (
				69B77ADC27BBFBCF0022FBE7 /* Sources */,
				69B77ADD27BBFBCF0022FBE7 /* Frameworks */,
				69B77ADE27BBFBCF0022FBE7 /* Resources */,
			);
			buildRules = (
			);
			dependencies = (
			);
			name = "mini-app";
			productName = "mini-app";
			productReference = 69B77AE027BBFBCF0022FBE7 /* mini-app.app */;
			productType = "com.apple.product-type.application";
		};
		69B77AF027BBFBD10022FBE7 /* mini-appTests */ = {
			isa = PBXNativeTarget;
			buildConfigurationList = 69B77B0827BBFBD10022FBE7 /* Build configuration list for PBXNativeTarget "mini-appTests" */;
			buildPhases = (
				69B77AED27BBFBD10022FBE7 /* Sources */,
				69B77AEE27BBFBD10022FBE7 /* Frameworks */,
				69B77AEF27BBFBD10022FBE7 /* Resources */,
			);
			buildRules = (
			);
			dependencies = (
				69B77AF327BBFBD10022FBE7 /* PBXTargetDependency */,
			);
			name = "mini-appTests";
			productName = "mini-appTests";
			productReference = 69B77AF127BBFBD10022FBE7 /* mini-appTests.xctest */;
			productType = "com.apple.product-type.bundle.unit-test";
		};
		69B77AFA27BBFBD10022FBE7 /* mini-appUITests */ = {
			isa = PBXNativeTarget;
			buildConfigurationList = 69B77B0B27BBFBD10022FBE7 /* Build configuration list for PBXNativeTarget "mini-appUITests" */;
			buildPhases = (
				69B77AF727BBFBD10022FBE7 /* Sources */,
				69B77AF827BBFBD10022FBE7 /* Frameworks */,
				69B77AF927BBFBD10022FBE7 /* Resources */,
			);
			buildRules = (
			);
			dependencies = (
				69B77AFD27BBFBD10022FBE7 /* PBXTargetDependency */,
			);
			name = "mini-appUITests";
			productName = "mini-appUITests";
			productReference = 69B77AFB27BBFBD10022FBE7 /* mini-appUITests.xctest */;
			productType = "com.apple.product-type.bundle.ui-testing";
		};
/* End PBXNativeTarget section */

/* Begin PBXProject section */
		69B77AD827BBFBCF0022FBE7 /* Project object */ = {
			isa = PBXProject;
			attributes = {
				BuildIndependentTargetsInParallel = 1;
				LastSwiftUpdateCheck = 1320;
				LastUpgradeCheck = 1320;
				TargetAttributes = {
					69B77ADF27BBFBCF0022FBE7 = {
						CreatedOnToolsVersion = 13.2.1;
					};
					69B77AF027BBFBD10022FBE7 = {
						CreatedOnToolsVersion = 13.2.1;
						TestTargetID = 69B77ADF27BBFBCF0022FBE7;
					};
					69B77AFA27BBFBD10022FBE7 = {
						CreatedOnToolsVersion = 13.2.1;
						TestTargetID = 69B77ADF27BBFBCF0022FBE7;
					};
				};
			};
			buildConfigurationList = 69B77ADB27BBFBCF0022FBE7 /* Build configuration list for PBXProject "mini-app" */;
			compatibilityVersion = "Xcode 13.0";
			developmentRegion = en;
			hasScannedForEncodings = 0;
			knownRegions = (
				en,
				Base,
			);
			mainGroup = 69B77AD727BBFBCF0022FBE7;
			productRefGroup = 69B77AE127BBFBCF0022FBE7 /* Products */;
			projectDirPath = "";
			projectRoot = "";
			targets = (
				69B77ADF27BBFBCF0022FBE7 /* mini-app */,
				69B77AF027BBFBD10022FBE7 /* mini-appTests */,
				69B77AFA27BBFBD10022FBE7 /* mini-appUITests */,
			);
		};
/* End PBXProject section */

/* Begin PBXResourcesBuildPhase section */
		69B77ADE27BBFBCF0022FBE7 /* Resources */ = {
			isa = PBXResourcesBuildPhase;
			buildActionMask = 2147483647;
			files = (
				69B77AEB27BBFBD00022FBE7 /* Preview Assets.xcassets in Resources */,
				69B77AE827BBFBD00022FBE7 /* Assets.xcassets in Resources */,
			);
			runOnlyForDeploymentPostprocessing = 0;
		};
		69B77AEF27BBFBD10022FBE7 /* Resources */ = {
			isa = PBXResourcesBuildPhase;
			buildActionMask = 2147483647;
			files = (
			);
			runOnlyForDeploymentPostprocessing = 0;
		};
		69B77AF927BBFBD10022FBE7 /* Resources */ = {
			isa = PBXResourcesBuildPhase;
			buildActionMask = 2147483647;
			files = (
			);
			runOnlyForDeploymentPostprocessing = 0;
		};
/* End PBXResourcesBuildPhase section */

/* Begin PBXSourcesBuildPhase section */
		69B77ADC27BBFBCF0022FBE7 /* Sources */ = {
			isa = PBXSourcesBuildPhase;
			buildActionMask = 2147483647;
			files = (
				69B77AE627BBFBCF0022FBE7 /* ContentView.swift in Sources */,
				69B77AE427BBFBCF0022FBE7 /* mini_appApp.swift in Sources */,
			);
			runOnlyForDeploymentPostprocessing = 0;
		};
		69B77AED27BBFBD10022FBE7 /* Sources */ = {
			isa = PBXSourcesBuildPhase;
			buildActionMask = 2147483647;
			files = (
				69B77AF627BBFBD10022FBE7 /* mini_appTests.swift in Sources */,
			);
			runOnlyForDeploymentPostprocessing = 0;
		};
		69B77AF727BBFBD10022FBE7 /* Sources */ = {
			isa = PBXSourcesBuildPhase;
			buildActionMask = 2147483647;
			files = (
				69B77B0227BBFBD10022FBE7 /* mini_appUITestsLaunchTests.swift in Sources */,
				69B77B0027BBFBD10022FBE7 /* mini_appUITests.swift in Sources */,
			);
			runOnlyForDeploymentPostprocessing = 0;
		};
/* End PBXSourcesBuildPhase section */

/* Begin PBXTargetDependency section */
		69B77AF327BBFBD10022FBE7 /* PBXTargetDependency */ = {
			isa = PBXTargetDependency;
			target = 69B77ADF27BBFBCF0022FBE7 /* mini-app */;
			targetProxy = 69B77AF227BBFBD10022FBE7 /* PBXContainerItemProxy */;
		};
		69B77AFD27BBFBD10022FBE7 /* PBXTargetDependency */ = {
			isa = PBXTargetDependency;
			target = 69B77ADF27BBFBCF0022FBE7 /* mini-app */;
			targetProxy = 69B77AFC27BBFBD10022FBE7 /* PBXContainerItemProxy */;
		};
/* End PBXTargetDependency section */

/* Begin XCBuildConfiguration section */
		69B77B0327BBFBD10022FBE7 /* Debug */ = {
			isa = XCBuildConfiguration;
			buildSettings = {
				ALWAYS_SEARCH_USER_PATHS = NO;
				CLANG_ANALYZER_NONNULL = YES;
				CLANG_ANALYZER_NUMBER_OBJECT_CONVERSION = YES_AGGRESSIVE;
				CLANG_CXX_LANGUAGE_STANDARD = "gnu++17";
				CLANG_CXX_LIBRARY = "libc++";
				CLANG_ENABLE_MODULES = YES;
				CLANG_ENABLE_OBJC_ARC = YES;
				CLANG_ENABLE_OBJC_WEAK = YES;
				CLANG_WARN_BLOCK_CAPTURE_AUTORELEASING = YES;
				CLANG_WARN_BOOL_CONVERSION = YES;
				CLANG_WARN_COMMA = YES;
				CLANG_WARN_CONSTANT_CONVERSION = YES;
				CLANG_WARN_DEPRECATED_OBJC_IMPLEMENTATIONS = YES;
				CLANG_WARN_DIRECT_OBJC_ISA_USAGE = YES_ERROR;
				CLANG_WARN_DOCUMENTATION_COMMENTS = YES;
				CLANG_WARN_EMPTY_BODY = YES;
				CLANG_WARN_ENUM_CONVERSION = YES;
				CLANG_WARN_INFINITE_RECURSION = YES;
				CLANG_WARN_INT_CONVERSION = YES;
				CLANG_WARN_NON_LITERAL_NULL_CONVERSION = YES;
				CLANG_WARN_OBJC_IMPLICIT_RETAIN_SELF = YES;
				CLANG_WARN_OBJC_LITERAL_CONVERSION = YES;
				CLANG_WARN_OBJC_ROOT_CLASS = YES_ERROR;
				CLANG_WARN_QUOTED_INCLUDE_IN_FRAMEWORK_HEADER = YES;
				CLANG_WARN_RANGE_LOOP_ANALYSIS = YES;
				CLANG_WARN_STRICT_PROTOTYPES = YES;
				CLANG_WARN_SUSPICIOUS_MOVE = YES;
				CLANG_WARN_UNGUARDED_AVAILABILITY = YES_AGGRESSIVE;
				CLANG_WARN_UNREACHABLE_CODE = YES;
				CLANG_WARN__DUPLICATE_METHOD_MATCH = YES;
				COPY_PHASE_STRIP = NO;
				DEBUG_INFORMATION_FORMAT = dwarf;
				ENABLE_STRICT_OBJC_MSGSEND = YES;
				ENABLE_TESTABILITY = YES;
				GCC_C_LANGUAGE_STANDARD = gnu11;
				GCC_DYNAMIC_NO_PIC = NO;
				GCC_NO_COMMON_BLOCKS = YES;
				GCC_OPTIMIZATION_LEVEL = 0;
				GCC_PREPROCESSOR_DEFINITIONS = (
					"DEBUG=1",
					"$(inherited)",
				);
				GCC_WARN_64_TO_32_BIT_CONVERSION = YES;
				GCC_WARN_ABOUT_RETURN_TYPE = YES_ERROR;
				GCC_WARN_UNDECLARED_SELECTOR = YES;
				GCC_WARN_UNINITIALIZED_AUTOS = YES_AGGRESSIVE;
				GCC_WARN_UNUSED_FUNCTION = YES;
				GCC_WARN_UNUSED_VARIABLE = YES;
				MACOSX_DEPLOYMENT_TARGET = 12.1;
				MTL_ENABLE_DEBUG_INFO = INCLUDE_SOURCE;
				MTL_FAST_MATH = YES;
				ONLY_ACTIVE_ARCH = YES;
				SDKROOT = macosx;
				SWIFT_ACTIVE_COMPILATION_CONDITIONS = DEBUG;
				SWIFT_OPTIMIZATION_LEVEL = "-Onone";
			};
			name = Debug;
		};
		69B77B0427BBFBD10022FBE7 /* Release */ = {
			isa = XCBuildConfiguration;
			buildSettings = {
				ALWAYS_SEARCH_USER_PATHS = NO;
				CLANG_ANALYZER_NONNULL = YES;
				CLANG_ANALYZER_NUMBER_OBJECT_CONVERSION = YES_AGGRESSIVE;
				CLANG_CXX_LANGUAGE_STANDARD = "gnu++17";
				CLANG_CXX_LIBRARY = "libc++";
				CLANG_ENABLE_MODULES = YES;
				CLANG_ENABLE_OBJC_ARC = YES;
				CLANG_ENABLE_OBJC_WEAK = YES;
				CLANG_WARN_BLOCK_CAPTURE_AUTORELEASING = YES;
				CLANG_WARN_BOOL_CONVERSION = YES;
				CLANG_WARN_COMMA = YES;
				CLANG_WARN_CONSTANT_CONVERSION = YES;
				CLANG_WARN_DEPRECATED_OBJC_IMPLEMENTATIONS = YES;
				CLANG_WARN_DIRECT_OBJC_ISA_USAGE = YES_ERROR;
				CLANG_WARN_DOCUMENTATION_COMMENTS = YES;
				CLANG_WARN_EMPTY_BODY = YES;
				CLANG_WARN_ENUM_CONVERSION = YES;
				CLANG_WARN_INFINITE_RECURSION = YES;
				CLANG_WARN_INT_CONVERSION = YES;
				CLANG_WARN_NON_LITERAL_NULL_CONVERSION = YES;
				CLANG_WARN_OBJC_IMPLICIT_RETAIN_SELF = YES;
				CLANG_WARN_OBJC_LITERAL_CONVERSION = YES;
				CLANG_WARN_OBJC_ROOT_CLASS = YES_ERROR;
				CLANG_WARN_QUOTED_INCLUDE_IN_FRAMEWORK_HEADER = YES;
				CLANG_WARN_RANGE_LOOP_ANALYSIS = YES;
				CLANG_WARN_STRICT_PROTOTYPES = YES;
				CLANG_WARN_SUSPICIOUS_MOVE = YES;
				CLANG_WARN_UNGUARDED_AVAILABILITY = YES_AGGRESSIVE;
				CLANG_WARN_UNREACHABLE_CODE = YES;
				CLANG_WARN__DUPLICATE_METHOD_MATCH = YES;
				COPY_PHASE_STRIP = NO;
				DEBUG_INFORMATION_FORMAT = "dwarf-with-dsym";
				ENABLE_NS_ASSERTIONS = NO;
				ENABLE_STRICT_OBJC_MSGSEND = YES;
				GCC_C_LANGUAGE_STANDARD = gnu11;
				GCC_NO_COMMON_BLOCKS = YES;
				GCC_WARN_64_TO_32_BIT_CONVERSION = YES;
				GCC_WARN_ABOUT_RETURN_TYPE = YES_ERROR;
				GCC_WARN_UNDECLARED_SELECTOR = YES;
				GCC_WARN_UNINITIALIZED_AUTOS = YES_AGGRESSIVE;
				GCC_WARN_UNUSED_FUNCTION = YES;
				GCC_WARN_UNUSED_VARIABLE = YES;
				MACOSX_DEPLOYMENT_TARGET = 12.1;
				MTL_ENABLE_DEBUG_INFO = NO;
				MTL_FAST_MATH = YES;
				SDKROOT = macosx;
				SWIFT_COMPILATION_MODE = wholemodule;
				SWIFT_OPTIMIZATION_LEVEL = "-O";
			};
			name = Release;
		};
		69B77B0627BBFBD10022FBE7 /* Debug */ = {
			isa = XCBuildConfiguration;
			buildSettings = {
				ASSETCATALOG_COMPILER_APPICON_NAME = AppIcon;
				ASSETCATALOG_COMPILER_GLOBAL_ACCENT_COLOR_NAME = AccentColor;
				CODE_SIGN_ENTITLEMENTS = "mini-app/mini_app.entitlements";
				CODE_SIGN_STYLE = Automatic;
				COMBINE_HIDPI_IMAGES = YES;
				CURRENT_PROJECT_VERSION = 1;
				DEVELOPMENT_ASSET_PATHS = "\"mini-app/Preview Content\"";
				DEVELOPMENT_TEAM = 7DU6PDNRU2;
				ENABLE_HARDENED_RUNTIME = YES;
				ENABLE_PREVIEWS = YES;
				GENERATE_INFOPLIST_FILE = YES;
				INFOPLIST_KEY_NSHumanReadableCopyright = "";
				LD_RUNPATH_SEARCH_PATHS = (
					"$(inherited)",
					"@executable_path/../Frameworks",
				);
				MARKETING_VERSION = 1.0;
				PRODUCT_BUNDLE_IDENTIFIER = "com.butterfree.mini-app";
				PRODUCT_NAME = "$(TARGET_NAME)";
				SWIFT_EMIT_LOC_STRINGS = YES;
				SWIFT_VERSION = 5.0;
			};
			name = Debug;
		};
		69B77B0727BBFBD10022FBE7 /* Release */ = {
			isa = XCBuildConfiguration;
			buildSettings = {
				ASSETCATALOG_COMPILER_APPICON_NAME = AppIcon;
				ASSETCATALOG_COMPILER_GLOBAL_ACCENT_COLOR_NAME = AccentColor;
				CODE_SIGN_ENTITLEMENTS = "mini-app/mini_app.entitlements";
				CODE_SIGN_STYLE = Automatic;
				COMBINE_HIDPI_IMAGES = YES;
				CURRENT_PROJECT_VERSION = 1;
				DEVELOPMENT_ASSET_PATHS = "\"mini-app/Preview Content\"";
				DEVELOPMENT_TEAM = 7DU6PDNRU2;
				ENABLE_HARDENED_RUNTIME = YES;
				ENABLE_PREVIEWS = YES;
				GENERATE_INFOPLIST_FILE = YES;
				INFOPLIST_KEY_NSHumanReadableCopyright = "";
				LD_RUNPATH_SEARCH_PATHS = (
					"$(inherited)",
					"@executable_path/../Frameworks",
				);
				MARKETING_VERSION = 1.0;
				PRODUCT_BUNDLE_IDENTIFIER = "com.butterfree.mini-app";
				PRODUCT_NAME = "$(TARGET_NAME)";
				SWIFT_EMIT_LOC_STRINGS = YES;
				SWIFT_VERSION = 5.0;
			};
			name = Release;
		};
		69B77B0927BBFBD10022FBE7 /* Debug */ = {
			isa = XCBuildConfiguration;
			buildSettings = {
				ALWAYS_EMBED_SWIFT_STANDARD_LIBRARIES = YES;
				BUNDLE_LOADER = "$(TEST_HOST)";
				CODE_SIGN_STYLE = Automatic;
				CURRENT_PROJECT_VERSION = 1;
				DEVELOPMENT_TEAM = 7DU6PDNRU2;
				GENERATE_INFOPLIST_FILE = YES;
				MACOSX_DEPLOYMENT_TARGET = 12.1;
				MARKETING_VERSION = 1.0;
				PRODUCT_BUNDLE_IDENTIFIER = "com.butterfree.mini-appTests";
				PRODUCT_NAME = "$(TARGET_NAME)";
				SWIFT_EMIT_LOC_STRINGS = NO;
				SWIFT_VERSION = 5.0;
				TEST_HOST = "$(BUILT_PRODUCTS_DIR)/mini-app.app/Contents/MacOS/mini-app";
			};
			name = Debug;
		};
		69B77B0A27BBFBD10022FBE7 /* Release */ = {
			isa = XCBuildConfiguration;
			buildSettings = {
				ALWAYS_EMBED_SWIFT_STANDARD_LIBRARIES = YES;
				BUNDLE_LOADER = "$(TEST_HOST)";
				CODE_SIGN_STYLE = Automatic;
				CURRENT_PROJECT_VERSION = 1;
				DEVELOPMENT_TEAM = 7DU6PDNRU2;
				GENERATE_INFOPLIST_FILE = YES;
				MACOSX_DEPLOYMENT_TARGET = 12.1;
				MARKETING_VERSION = 1.0;
				PRODUCT_BUNDLE_IDENTIFIER = "com.butterfree.mini-appTests";
				PRODUCT_NAME = "$(TARGET_NAME)";
				SWIFT_EMIT_LOC_STRINGS = NO;
				SWIFT_VERSION = 5.0;
				TEST_HOST = "$(BUILT_PRODUCTS_DIR)/mini-app.app/Contents/MacOS/mini-app";
			};
			name = Release;
		};
		69B77B0C27BBFBD10022FBE7 /* Debug */ = {
			isa = XCBuildConfiguration;
			buildSettings = {
				ALWAYS_EMBED_SWIFT_STANDARD_LIBRARIES = YES;
				CODE_SIGN_STYLE = Automatic;
				CURRENT_PROJECT_VERSION = 1;
				DEVELOPMENT_TEAM = 7DU6PDNRU2;
				GENERATE_INFOPLIST_FILE = YES;
				MARKETING_VERSION = 1.0;
				PRODUCT_BUNDLE_IDENTIFIER = "com.butterfree.mini-appUITests";
				PRODUCT_NAME = "$(TARGET_NAME)";
				SWIFT_EMIT_LOC_STRINGS = NO;
				SWIFT_VERSION = 5.0;
				TEST_TARGET_NAME = "mini-app";
			};
			name = Debug;
		};
		69B77B0D27BBFBD10022FBE7 /* Release */ = {
			isa = XCBuildConfiguration;
			buildSettings = {
				ALWAYS_EMBED_SWIFT_STANDARD_LIBRARIES = YES;
				CODE_SIGN_STYLE = Automatic;
				CURRENT_PROJECT_VERSION = 1;
				DEVELOPMENT_TEAM = 7DU6PDNRU2;
				GENERATE_INFOPLIST_FILE = YES;
				MARKETING_VERSION = 1.0;
				PRODUCT_BUNDLE_IDENTIFIER = "com.butterfree.mini-appUITests";
				PRODUCT_NAME = "$(TARGET_NAME)";
				SWIFT_EMIT_LOC_STRINGS = NO;
				SWIFT_VERSION = 5.0;
				TEST_TARGET_NAME = "mini-app";
			};
			name = Release;
		};
/* End XCBuildConfiguration section */

/* Begin XCConfigurationList section */
		69B77ADB27BBFBCF0022FBE7 /* Build configuration list for PBXProject "mini-app" */ = {
			isa = XCConfigurationList;
			buildConfigurations = (
				69B77B0327BBFBD10022FBE7 /* Debug */,
				69B77B0427BBFBD10022FBE7 /* Release */,
			);
			defaultConfigurationIsVisible = 0;
			defaultConfigurationName = Release;
		};
		69B77B0527BBFBD10022FBE7 /* Build configuration list for PBXNativeTarget "mini-app" */ = {
			isa = XCConfigurationList;
			buildConfigurations = (
				69B77B0627BBFBD10022FBE7 /* Debug */,
				69B77B0727BBFBD10022FBE7 /* Release */,
			);
			defaultConfigurationIsVisible = 0;
			defaultConfigurationName = Release;
		};
		69B77B0827BBFBD10022FBE7 /* Build configuration list for PBXNativeTarget "mini-appTests" */ = {
			isa = XCConfigurationList;
			buildConfigurations = (
				69B77B0927BBFBD10022FBE7 /* Debug */,
				69B77B0A27BBFBD10022FBE7 /* Release */,
			);
			defaultConfigurationIsVisible = 0;
			defaultConfigurationName = Release;
		};
		69B77B0B27BBFBD10022FBE7 /* Build configuration list for PBXNativeTarget "mini-appUITests" */ = {
			isa = XCConfigurationList;
			buildConfigurations = (
				69B77B0C27BBFBD10022FBE7 /* Debug */,
				69B77B0D27BBFBD10022FBE7 /* Release */,
			);
			defaultConfigurationIsVisible = 0;
			defaultConfigurationName = Release;
		};
/* End XCConfigurationList section */
	};
	rootObject = 69B77AD827BBFBCF0022FBE7 /* Project object */;
}
